// !$*UTF8*$!
{
	archiveVersion = 1;
	classes = {
	};
	objectVersion = 46;
	objects = {

/* Begin PBXAggregateTarget section */
		00FCEF8D3E4847B09A0F8275 /* install */ = {
			isa = PBXAggregateTarget;
			buildConfigurationList = 81A7CEF799174D39B19836DA /* Build configuration list for PBXAggregateTarget "install" */;
			buildPhases = (
				97F41AE81CEA4E8283ED79F3 /* CMake PostBuild Rules */,
			);
			dependencies = (
				D81BE7601D054DD88D8EEBEF /* PBXTargetDependency */,
			);
			name = install;
			productName = install;
		};
		7A675DD28D364C06BC771387 /* ALL_BUILD */ = {
			isa = PBXAggregateTarget;
			buildConfigurationList = 1663CF216C474B06A050716F /* Build configuration list for PBXAggregateTarget "ALL_BUILD" */;
			buildPhases = (
				043185EF1497402B824C33AF /* CMake Rules */,
			);
			dependencies = (
				5620F438A70D4C55B76B1EA9 /* PBXTargetDependency */,
				83FB3F9CF4734B18B5769C14 /* PBXTargetDependency */,
			);
			name = ALL_BUILD;
			productName = ALL_BUILD;
		};
		99C8A0BCF50C4F76AA3E773C /* ZERO_CHECK */ = {
			isa = PBXAggregateTarget;
			buildConfigurationList = AFA95B4129CD467A9EFF5012 /* Build configuration list for PBXAggregateTarget "ZERO_CHECK" */;
			buildPhases = (
				9D0BFD049B9546608AC66FC4 /* CMake Rules */,
			);
			dependencies = (
			);
			name = ZERO_CHECK;
			productName = ZERO_CHECK;
		};
/* End PBXAggregateTarget section */

/* Begin PBXBuildFile section */
		19A8EAB5543849498A963EA4 /* JetPairFinder.cc in Sources */ = {isa = PBXBuildFile; fileRef = B9682D73CACD4752896BA709 /* JetPairFinder.cc */; settings = {COMPILER_FLAGS = ""; }; };
		64371FA601F94EC5A00BBC05 /* CutsFunctionBkg.cc in Sources */ = {isa = PBXBuildFile; fileRef = 25171AE1D68E4F2B91D571C6 /* CutsFunctionBkg.cc */; settings = {COMPILER_FLAGS = ""; }; };
		685E6A27895140C792A83598 /* JetDoublePairFinder.cc in Sources */ = {isa = PBXBuildFile; fileRef = D9F5D2948C204C4E811E9584 /* JetDoublePairFinder.cc */; settings = {COMPILER_FLAGS = ""; }; };
		721F0D0804E84314BAE197BE /* JetDoubleMbbPairFinder.cc in Sources */ = {isa = PBXBuildFile; fileRef = AEBC5F55A0EF4EE086872744 /* JetDoubleMbbPairFinder.cc */; settings = {COMPILER_FLAGS = ""; }; };
		76FAD17F0735433C872C2C9B /* TerminalPlot.cc in Sources */ = {isa = PBXBuildFile; fileRef = 3929ECCCC416463BA68BB4CC /* TerminalPlot.cc */; settings = {COMPILER_FLAGS = ""; }; };
		7715848CD0544F4BBDBF78EC /* ROOTcuts.cc in Sources */ = {isa = PBXBuildFile; fileRef = 06693BBFCEBC4EA6A0D071F4 /* ROOTcuts.cc */; settings = {COMPILER_FLAGS = ""; }; };
		9F34AFF37E374A44B2117BC9 /* CutsFunction.cc in Sources */ = {isa = PBXBuildFile; fileRef = 0860CE585C144587B6EBEEEB /* CutsFunction.cc */; settings = {COMPILER_FLAGS = ""; }; };
		BC095116A42C4822A6E90BA5 /* Jet2Plus1MbbFinder.cc in Sources */ = {isa = PBXBuildFile; fileRef = 9F4AA8A9D20D469C8C6F3255 /* Jet2Plus1MbbFinder.cc */; settings = {COMPILER_FLAGS = ""; }; };
		CF329085DA924713A11936BA /* Jet2Plus1Finder.cc in Sources */ = {isa = PBXBuildFile; fileRef = A5233D00A2524BF093F8FF6B /* Jet2Plus1Finder.cc */; settings = {COMPILER_FLAGS = ""; }; };
		FAF431D81D58D45C00B4A1A5 /* BiasedDeltaPhi.cc in Sources */ = {isa = PBXBuildFile; fileRef = FAF431D61D58D45C00B4A1A5 /* BiasedDeltaPhi.cc */; };
/* End PBXBuildFile section */

/* Begin PBXContainerItemProxy section */
		39CAC3F476C94B4D85878868 /* PBXContainerItemProxy */ = {
			isa = PBXContainerItemProxy;
			containerPortal = FD6E65AB5F37467F8FAF257D /* Project object */;
			proxyType = 1;
			remoteGlobalIDString = 99C8A0BCF50C4F76AA3E773C;
			remoteInfo = ZERO_CHECK;
		};
		74D8EE0C4CE043D7A90537D0 /* PBXContainerItemProxy */ = {
			isa = PBXContainerItemProxy;
			containerPortal = FD6E65AB5F37467F8FAF257D /* Project object */;
			proxyType = 1;
			remoteGlobalIDString = 7A675DD28D364C06BC771387;
			remoteInfo = ALL_BUILD;
		};
		78904019374D423FBF2BC4CA /* PBXContainerItemProxy */ = {
			isa = PBXContainerItemProxy;
			containerPortal = FD6E65AB5F37467F8FAF257D /* Project object */;
			proxyType = 1;
			remoteGlobalIDString = BA42CDD5B7EB4A3AAB565AD4;
			remoteInfo = ROOTCuts;
		};
		AEFA34E66BA84FEDA9CF60B0 /* PBXContainerItemProxy */ = {
			isa = PBXContainerItemProxy;
			containerPortal = FD6E65AB5F37467F8FAF257D /* Project object */;
			proxyType = 1;
			remoteGlobalIDString = 99C8A0BCF50C4F76AA3E773C;
			remoteInfo = ZERO_CHECK;
		};
/* End PBXContainerItemProxy section */

/* Begin PBXFileReference section */
		06693BBFCEBC4EA6A0D071F4 /* ROOTcuts.cc */ = {isa = PBXFileReference; explicitFileType = sourcecode.cpp.cpp; fileEncoding = 4; path = ROOTcuts.cc; sourceTree = SOURCE_ROOT; };
		0860CE585C144587B6EBEEEB /* CutsFunction.cc */ = {isa = PBXFileReference; explicitFileType = sourcecode.cpp.cpp; fileEncoding = 4; name = CutsFunction.cc; path = src/CutsFunction.cc; sourceTree = SOURCE_ROOT; };
		18D677EEEAB24AFE8968AD98 /* ROOTCuts */ = {isa = PBXFileReference; explicitFileType = "compiled.mach-o.executable"; path = ROOTCuts; sourceTree = BUILT_PRODUCTS_DIR; };
		25171AE1D68E4F2B91D571C6 /* CutsFunctionBkg.cc */ = {isa = PBXFileReference; explicitFileType = sourcecode.cpp.cpp; fileEncoding = 4; name = CutsFunctionBkg.cc; path = src/CutsFunctionBkg.cc; sourceTree = SOURCE_ROOT; };
		3929ECCCC416463BA68BB4CC /* TerminalPlot.cc */ = {isa = PBXFileReference; explicitFileType = sourcecode.cpp.cpp; fileEncoding = 4; name = TerminalPlot.cc; path = src/TerminalPlot.cc; sourceTree = SOURCE_ROOT; };
		9BBCD2801168459586A72C30 /* CMakeLists.txt */ = {isa = PBXFileReference; explicitFileType = sourcecode.text; fileEncoding = 4; lastKnownFileType = text; path = CMakeLists.txt; sourceTree = SOURCE_ROOT; };
		9F4AA8A9D20D469C8C6F3255 /* Jet2Plus1MbbFinder.cc */ = {isa = PBXFileReference; explicitFileType = sourcecode.cpp.cpp; fileEncoding = 4; name = Jet2Plus1MbbFinder.cc; path = src/Jet2Plus1MbbFinder.cc; sourceTree = SOURCE_ROOT; };
		A5233D00A2524BF093F8FF6B /* Jet2Plus1Finder.cc */ = {isa = PBXFileReference; explicitFileType = sourcecode.cpp.cpp; fileEncoding = 4; name = Jet2Plus1Finder.cc; path = src/Jet2Plus1Finder.cc; sourceTree = SOURCE_ROOT; };
		A8E01F511A4646EEBAE3D6A4 /* TerminalPlot.hh */ = {isa = PBXFileReference; explicitFileType = sourcecode.cpp.h; fileEncoding = 4; name = TerminalPlot.hh; path = include/TerminalPlot.hh; sourceTree = SOURCE_ROOT; };
		AEBC5F55A0EF4EE086872744 /* JetDoubleMbbPairFinder.cc */ = {isa = PBXFileReference; explicitFileType = sourcecode.cpp.cpp; fileEncoding = 4; name = JetDoubleMbbPairFinder.cc; path = src/JetDoubleMbbPairFinder.cc; sourceTree = SOURCE_ROOT; };
		B9682D73CACD4752896BA709 /* JetPairFinder.cc */ = {isa = PBXFileReference; explicitFileType = sourcecode.cpp.cpp; fileEncoding = 4; name = JetPairFinder.cc; path = src/JetPairFinder.cc; sourceTree = SOURCE_ROOT; };
		D9F5D2948C204C4E811E9584 /* JetDoublePairFinder.cc */ = {isa = PBXFileReference; explicitFileType = sourcecode.cpp.cpp; fileEncoding = 4; name = JetDoublePairFinder.cc; path = src/JetDoublePairFinder.cc; sourceTree = SOURCE_ROOT; };
		E595AF4406C9404796BF7D09 /* CMakeLists.txt */ = {isa = PBXFileReference; explicitFileType = sourcecode.text; fileEncoding = 4; lastKnownFileType = text; path = CMakeLists.txt; sourceTree = SOURCE_ROOT; };
		E7CF0910CD1C49B88E219BEB /* Ulrich_cuts.hh */ = {isa = PBXFileReference; explicitFileType = sourcecode.cpp.h; fileEncoding = 4; name = Ulrich_cuts.hh; path = include/Ulrich_cuts.hh; sourceTree = SOURCE_ROOT; };
		F1F3E0BF25004E1EA0D8DD84 /* CMakeLists.txt */ = {isa = PBXFileReference; explicitFileType = sourcecode.text; fileEncoding = 4; lastKnownFileType = text; path = CMakeLists.txt; sourceTree = SOURCE_ROOT; };
		FAF431D61D58D45C00B4A1A5 /* BiasedDeltaPhi.cc */ = {isa = PBXFileReference; fileEncoding = 4; lastKnownFileType = sourcecode.cpp.cpp; name = BiasedDeltaPhi.cc; path = src/BiasedDeltaPhi.cc; sourceTree = "<group>"; };
		FAF431D91D58D4CC00B4A1A5 /* BiasedDeltaPhi.hh */ = {isa = PBXFileReference; fileEncoding = 4; lastKnownFileType = sourcecode.cpp.h; name = BiasedDeltaPhi.hh; path = include/BiasedDeltaPhi.hh; sourceTree = "<group>"; };
/* End PBXFileReference section */

/* Begin PBXGroup section */
		0703BF21E3EF43A996921586 /* Source Files */ = {
			isa = PBXGroup;
			children = (
				06693BBFCEBC4EA6A0D071F4 /* ROOTcuts.cc */,
				0860CE585C144587B6EBEEEB /* CutsFunction.cc */,
				25171AE1D68E4F2B91D571C6 /* CutsFunctionBkg.cc */,
				A5233D00A2524BF093F8FF6B /* Jet2Plus1Finder.cc */,
				FAF431D61D58D45C00B4A1A5 /* BiasedDeltaPhi.cc */,
				9F4AA8A9D20D469C8C6F3255 /* Jet2Plus1MbbFinder.cc */,
				AEBC5F55A0EF4EE086872744 /* JetDoubleMbbPairFinder.cc */,
				D9F5D2948C204C4E811E9584 /* JetDoublePairFinder.cc */,
				B9682D73CACD4752896BA709 /* JetPairFinder.cc */,
				3929ECCCC416463BA68BB4CC /* TerminalPlot.cc */,
			);
			name = "Source Files";
			sourceTree = "<group>";
		};
		0C2EA4D963A642E596FD1994 /* ALL_BUILD */ = {
			isa = PBXGroup;
			children = (
				15E1B435916345969955F10D /* CMake Rules */,
				F1F3E0BF25004E1EA0D8DD84 /* CMakeLists.txt */,
			);
			name = ALL_BUILD;
			sourceTree = "<group>";
		};
		15E1B435916345969955F10D /* CMake Rules */ = {
			isa = PBXGroup;
			children = (
			);
			name = "CMake Rules";
			sourceTree = "<group>";
		};
		564A6F3714E349A1BD8A3D88 /* Resources */ = {
			isa = PBXGroup;
			children = (
			);
			name = Resources;
			sourceTree = "<group>";
		};
		8513ECF641B341C6A4540321 /* Header Files */ = {
			isa = PBXGroup;
			children = (
				FAF431D91D58D4CC00B4A1A5 /* BiasedDeltaPhi.hh */,
				A8E01F511A4646EEBAE3D6A4 /* TerminalPlot.hh */,
				E7CF0910CD1C49B88E219BEB /* Ulrich_cuts.hh */,
			);
			name = "Header Files";
			sourceTree = "<group>";
		};
		912AA3E5A046427D9F96FFC6 = {
			isa = PBXGroup;
			children = (
				C3E8301A5B1945FB9A2AC8F4 /* Sources */,
				564A6F3714E349A1BD8A3D88 /* Resources */,
				B844858C3EE348D28920F636 /* Products */,
			);
			sourceTree = "<group>";
		};
		B844858C3EE348D28920F636 /* Products */ = {
			isa = PBXGroup;
			children = (
				18D677EEEAB24AFE8968AD98 /* ROOTCuts */,
			);
			name = Products;
			sourceTree = "<group>";
		};
		C3E8301A5B1945FB9A2AC8F4 /* Sources */ = {
			isa = PBXGroup;
			children = (
				C8ECEE3020B3454E89286060 /* ZERO_CHECK */,
				0C2EA4D963A642E596FD1994 /* ALL_BUILD */,
				FC4C35B02B9D4B1B8A31A988 /* ROOTCuts */,
			);
			name = Sources;
			sourceTree = "<group>";
		};
		C8ECEE3020B3454E89286060 /* ZERO_CHECK */ = {
			isa = PBXGroup;
			children = (
				F5098F5BBAA1457F88C54890 /* CMake Rules */,
				E595AF4406C9404796BF7D09 /* CMakeLists.txt */,
			);
			name = ZERO_CHECK;
			sourceTree = "<group>";
		};
		F5098F5BBAA1457F88C54890 /* CMake Rules */ = {
			isa = PBXGroup;
			children = (
			);
			name = "CMake Rules";
			sourceTree = "<group>";
		};
		FC4C35B02B9D4B1B8A31A988 /* ROOTCuts */ = {
			isa = PBXGroup;
			children = (
				0703BF21E3EF43A996921586 /* Source Files */,
				8513ECF641B341C6A4540321 /* Header Files */,
				9BBCD2801168459586A72C30 /* CMakeLists.txt */,
			);
			name = ROOTCuts;
			sourceTree = "<group>";
		};
/* End PBXGroup section */

/* Begin PBXNativeTarget section */
		BA42CDD5B7EB4A3AAB565AD4 /* ROOTCuts */ = {
			isa = PBXNativeTarget;
			buildConfigurationList = B752AF32B1B54ED89D0FE404 /* Build configuration list for PBXNativeTarget "ROOTCuts" */;
			buildPhases = (
				D53827B854F34633BBA8FBD2 /* Sources */,
			);
			buildRules = (
			);
			dependencies = (
				A72A3D5284484237B3E64D32 /* PBXTargetDependency */,
			);
			name = ROOTCuts;
			productName = ROOTCuts;
			productReference = 18D677EEEAB24AFE8968AD98 /* ROOTCuts */;
			productType = "com.apple.product-type.tool";
		};
/* End PBXNativeTarget section */

/* Begin PBXProject section */
		FD6E65AB5F37467F8FAF257D /* Project object */ = {
			isa = PBXProject;
			attributes = {
				BuildIndependentTargetsInParallel = YES;
			};
			buildConfigurationList = F9D45216594E47A19C7AAB5E /* Build configuration list for PBXProject "ROOTCuts" */;
			compatibilityVersion = "Xcode 3.2";
			developmentRegion = English;
			hasScannedForEncodings = 0;
			knownRegions = (
				en,
			);
			mainGroup = 912AA3E5A046427D9F96FFC6;
			projectDirPath = ../;
			projectRoot = "";
			targets = (
				7A675DD28D364C06BC771387 /* ALL_BUILD */,
				BA42CDD5B7EB4A3AAB565AD4 /* ROOTCuts */,
				99C8A0BCF50C4F76AA3E773C /* ZERO_CHECK */,
				00FCEF8D3E4847B09A0F8275 /* install */,
			);
		};
/* End PBXProject section */

/* Begin PBXShellScriptBuildPhase section */
		043185EF1497402B824C33AF /* CMake Rules */ = {
			isa = PBXShellScriptBuildPhase;
			buildActionMask = 2147483647;
			files = (
			);
			name = "CMake Rules";
			runOnlyForDeploymentPostprocessing = 0;
			shellPath = /bin/sh;
			shellScript = "make -C /Users/alex/Documents/ROOTCuts/xcode -f /Users/alex/Documents/ROOTCuts/xcode/CMakeScripts/ALL_BUILD_cmakeRulesBuildPhase.make$CONFIGURATION all";
			showEnvVarsInLog = 0;
		};
		97F41AE81CEA4E8283ED79F3 /* CMake PostBuild Rules */ = {
			isa = PBXShellScriptBuildPhase;
			buildActionMask = 2147483647;
			files = (
			);
			name = "CMake PostBuild Rules";
			runOnlyForDeploymentPostprocessing = 0;
			shellPath = /bin/sh;
			shellScript = "make -C /Users/alex/Documents/ROOTCuts/xcode -f /Users/alex/Documents/ROOTCuts/xcode/CMakeScripts/install_postBuildPhase.make$CONFIGURATION all";
			showEnvVarsInLog = 0;
		};
		9D0BFD049B9546608AC66FC4 /* CMake Rules */ = {
			isa = PBXShellScriptBuildPhase;
			buildActionMask = 2147483647;
			files = (
			);
			name = "CMake Rules";
			runOnlyForDeploymentPostprocessing = 0;
			shellPath = /bin/sh;
			shellScript = "make -C /Users/alex/Documents/ROOTCuts/xcode -f /Users/alex/Documents/ROOTCuts/xcode/CMakeScripts/ZERO_CHECK_cmakeRulesBuildPhase.make$CONFIGURATION all";
			showEnvVarsInLog = 0;
		};
/* End PBXShellScriptBuildPhase section */

/* Begin PBXSourcesBuildPhase section */
		D53827B854F34633BBA8FBD2 /* Sources */ = {
			isa = PBXSourcesBuildPhase;
			buildActionMask = 2147483647;
			files = (
				FAF431D81D58D45C00B4A1A5 /* BiasedDeltaPhi.cc in Sources */,
				7715848CD0544F4BBDBF78EC /* ROOTcuts.cc in Sources */,
				9F34AFF37E374A44B2117BC9 /* CutsFunction.cc in Sources */,
				64371FA601F94EC5A00BBC05 /* CutsFunctionBkg.cc in Sources */,
				CF329085DA924713A11936BA /* Jet2Plus1Finder.cc in Sources */,
				BC095116A42C4822A6E90BA5 /* Jet2Plus1MbbFinder.cc in Sources */,
				721F0D0804E84314BAE197BE /* JetDoubleMbbPairFinder.cc in Sources */,
				685E6A27895140C792A83598 /* JetDoublePairFinder.cc in Sources */,
				19A8EAB5543849498A963EA4 /* JetPairFinder.cc in Sources */,
				76FAD17F0735433C872C2C9B /* TerminalPlot.cc in Sources */,
			);
			runOnlyForDeploymentPostprocessing = 0;
		};
/* End PBXSourcesBuildPhase section */

/* Begin PBXTargetDependency section */
		5620F438A70D4C55B76B1EA9 /* PBXTargetDependency */ = {
			isa = PBXTargetDependency;
			target = BA42CDD5B7EB4A3AAB565AD4 /* ROOTCuts */;
			targetProxy = 78904019374D423FBF2BC4CA /* PBXContainerItemProxy */;
		};
		83FB3F9CF4734B18B5769C14 /* PBXTargetDependency */ = {
			isa = PBXTargetDependency;
			target = 99C8A0BCF50C4F76AA3E773C /* ZERO_CHECK */;
			targetProxy = 39CAC3F476C94B4D85878868 /* PBXContainerItemProxy */;
		};
		A72A3D5284484237B3E64D32 /* PBXTargetDependency */ = {
			isa = PBXTargetDependency;
			target = 99C8A0BCF50C4F76AA3E773C /* ZERO_CHECK */;
			targetProxy = AEFA34E66BA84FEDA9CF60B0 /* PBXContainerItemProxy */;
		};
		D81BE7601D054DD88D8EEBEF /* PBXTargetDependency */ = {
			isa = PBXTargetDependency;
			target = 7A675DD28D364C06BC771387 /* ALL_BUILD */;
			targetProxy = 74D8EE0C4CE043D7A90537D0 /* PBXContainerItemProxy */;
		};
/* End PBXTargetDependency section */

/* Begin XCBuildConfiguration section */
		0218A194A43C4155B8A396C7 /* Release */ = {
			isa = XCBuildConfiguration;
			buildSettings = {
				ONLY_ACTIVE_ARCH = YES;
				SDKROOT = /Applications/Xcode.app/Contents/Developer/Platforms/MacOSX.platform/Developer/SDKs/MacOSX10.11.sdk;
				SYMROOT = /Users/alex/Documents/ROOTCuts/xcode/build;
			};
			name = Release;
		};
		14E8B52C61354B89994288F7 /* Debug */ = {
			isa = XCBuildConfiguration;
			buildSettings = {
				COMBINE_HIDPI_IMAGES = YES;
				GCC_GENERATE_DEBUGGING_SYMBOLS = YES;
				GCC_INLINES_ARE_PRIVATE_EXTERN = NO;
				GCC_OPTIMIZATION_LEVEL = 0;
				GCC_PREPROCESSOR_DEFINITIONS = "'CMAKE_INTDIR=\"$(CONFIGURATION)$(EFFECTIVE_PLATFORM_NAME)\"'";
				GCC_SYMBOLS_PRIVATE_EXTERN = NO;
				HEADER_SEARCH_PATHS = (
					"/Users/alex/ROOT/root-install/include",
					/Users/alex/Documents/ROOTCuts,
					/Users/alex/delphes/external,
					/Users/alex/delphes,
				);
				INSTALL_PATH = "";
				OTHER_LDFLAGS = " ";
				OTHER_REZFLAGS = "";
				PRODUCT_NAME = ZERO_CHECK;
				SECTORDER_FLAGS = "";
				SYMROOT = /Users/alex/Documents/ROOTCuts/xcode;
				USE_HEADERMAP = NO;
				WARNING_CFLAGS = (
					"-Wmost",
					"-Wno-four-char-constants",
					"-Wno-unknown-pragmas",
					"$(inherited)",
				);
			};
			name = Debug;
		};
		1C4F7267ADC34C93A924979F /* RelWithDebInfo */ = {
			isa = XCBuildConfiguration;
			buildSettings = {
				COMBINE_HIDPI_IMAGES = YES;
				GCC_GENERATE_DEBUGGING_SYMBOLS = YES;
				GCC_INLINES_ARE_PRIVATE_EXTERN = NO;
				GCC_OPTIMIZATION_LEVEL = 0;
				GCC_PREPROCESSOR_DEFINITIONS = "'CMAKE_INTDIR=\"$(CONFIGURATION)$(EFFECTIVE_PLATFORM_NAME)\"'";
				GCC_SYMBOLS_PRIVATE_EXTERN = NO;
				HEADER_SEARCH_PATHS = (
					"/Users/alex/ROOT/root-install/include",
					/Users/alex/Documents/ROOTCuts,
					/Users/alex/delphes/external,
					/Users/alex/delphes,
				);
				INSTALL_PATH = "";
				OTHER_LDFLAGS = " ";
				OTHER_REZFLAGS = "";
				PRODUCT_NAME = ZERO_CHECK;
				SECTORDER_FLAGS = "";
				SYMROOT = /Users/alex/Documents/ROOTCuts/xcode;
				USE_HEADERMAP = NO;
				WARNING_CFLAGS = (
					"-Wmost",
					"-Wno-four-char-constants",
					"-Wno-unknown-pragmas",
					"$(inherited)",
				);
			};
			name = RelWithDebInfo;
		};
		1ED1AF1AFBBA46A89414C7BC /* Debug */ = {
			isa = XCBuildConfiguration;
			buildSettings = {
				ONLY_ACTIVE_ARCH = YES;
				SDKROOT = /Applications/Xcode.app/Contents/Developer/Platforms/MacOSX.platform/Developer/SDKs/MacOSX10.11.sdk;
				SYMROOT = /Users/alex/Documents/ROOTCuts/xcode/build;
			};
			name = Debug;
		};
		2D15C752F100467C9DC4C05C /* RelWithDebInfo */ = {
			isa = XCBuildConfiguration;
			buildSettings = {
				COMBINE_HIDPI_IMAGES = YES;
				EXECUTABLE_PREFIX = "";
				EXECUTABLE_SUFFIX = "";
				GCC_GENERATE_DEBUGGING_SYMBOLS = YES;
				GCC_INLINES_ARE_PRIVATE_EXTERN = NO;
				GCC_OPTIMIZATION_LEVEL = 2;
				GCC_PREPROCESSOR_DEFINITIONS = "'CMAKE_INTDIR=\"$(CONFIGURATION)$(EFFECTIVE_PLATFORM_NAME)\"'";
				GCC_SYMBOLS_PRIVATE_EXTERN = NO;
				HEADER_SEARCH_PATHS = (
					"/Users/alex/ROOT/root-install/include",
					/Users/alex/Documents/ROOTCuts,
					/Users/alex/delphes/external,
					/Users/alex/delphes,
				);
				INSTALL_PATH = "";
				LD_RUNPATH_SEARCH_PATHS = "/Users/alex/ROOT/root-install/lib /Users/alex/delphes";
				LIBRARY_SEARCH_PATHS = (
					"/Users/alex/ROOT/root-install/lib/$(CONFIGURATION)$(EFFECTIVE_PLATFORM_NAME)",
					"/Users/alex/ROOT/root-install/lib",
					"/Users/alex/delphes/$(CONFIGURATION)$(EFFECTIVE_PLATFORM_NAME)",
					/Users/alex/delphes,
				);
				OTHER_CPLUSPLUSFLAGS = (
					"-m64",
					"-pipe",
					"-fsigned-char",
					"-fno-common",
					"-Qunused-arguments",
					"-pthread",
					"-std=c++11",
					"-DNDEBUG",
					"-m64",
					"-pipe",
					"-fsigned-char",
					"-fno-common",
					"-Qunused-arguments",
					"-pthread",
					"-std=c++11",
				);
				OTHER_LDFLAGS = (
					"-Wl,-search_paths_first",
					"-Wl,-headerpad_max_install_names",
					"-lDelphes",
					"/Users/alex/ROOT/root-install/lib/libCore.so",
					"/Users/alex/ROOT/root-install/lib/libRIO.so",
					"/Users/alex/ROOT/root-install/lib/libNet.so",
					"/Users/alex/ROOT/root-install/lib/libHist.so",
					"/Users/alex/ROOT/root-install/lib/libGraf.so",
					"/Users/alex/ROOT/root-install/lib/libGraf3d.so",
					"/Users/alex/ROOT/root-install/lib/libGpad.so",
					"/Users/alex/ROOT/root-install/lib/libTree.so",
					"/Users/alex/ROOT/root-install/lib/libRint.so",
					"/Users/alex/ROOT/root-install/lib/libPostscript.so",
					"/Users/alex/ROOT/root-install/lib/libMatrix.so",
					"/Users/alex/ROOT/root-install/lib/libPhysics.so",
					"/Users/alex/ROOT/root-install/lib/libMathCore.so",
					"/Users/alex/ROOT/root-install/lib/libThread.so",
					"/Users/alex/ROOT/root-install/lib/libMultiProc.so",
				);
				OTHER_REZFLAGS = "";
				PRODUCT_NAME = ROOTCuts;
				SECTORDER_FLAGS = "";
				SYMROOT = /Users/alex/Documents/ROOTCuts/xcode;
				USE_HEADERMAP = NO;
				WARNING_CFLAGS = (
					"-Wmost",
					"-Wno-four-char-constants",
					"-Wno-unknown-pragmas",
					"$(inherited)",
				);
			};
			name = RelWithDebInfo;
		};
		35ED72FCCF834A64AB326068 /* Release */ = {
			isa = XCBuildConfiguration;
			buildSettings = {
				COMBINE_HIDPI_IMAGES = YES;
				GCC_GENERATE_DEBUGGING_SYMBOLS = YES;
				GCC_INLINES_ARE_PRIVATE_EXTERN = NO;
				GCC_OPTIMIZATION_LEVEL = 0;
				GCC_PREPROCESSOR_DEFINITIONS = "'CMAKE_INTDIR=\"$(CONFIGURATION)$(EFFECTIVE_PLATFORM_NAME)\"'";
				GCC_SYMBOLS_PRIVATE_EXTERN = NO;
				HEADER_SEARCH_PATHS = (
					"/Users/alex/ROOT/root-install/include",
					/Users/alex/Documents/ROOTCuts,
					/Users/alex/delphes/external,
					/Users/alex/delphes,
				);
				INSTALL_PATH = "";
				OTHER_LDFLAGS = " ";
				OTHER_REZFLAGS = "";
				PRODUCT_NAME = install;
				SECTORDER_FLAGS = "";
				SYMROOT = /Users/alex/Documents/ROOTCuts/xcode;
				USE_HEADERMAP = NO;
				WARNING_CFLAGS = (
					"-Wmost",
					"-Wno-four-char-constants",
					"-Wno-unknown-pragmas",
					"$(inherited)",
				);
			};
			name = Release;
		};
		3A0E0ABD0D8141BF821FB936 /* Release */ = {
			isa = XCBuildConfiguration;
			buildSettings = {
				COMBINE_HIDPI_IMAGES = YES;
				GCC_GENERATE_DEBUGGING_SYMBOLS = YES;
				GCC_INLINES_ARE_PRIVATE_EXTERN = NO;
				GCC_OPTIMIZATION_LEVEL = 0;
				GCC_PREPROCESSOR_DEFINITIONS = "'CMAKE_INTDIR=\"$(CONFIGURATION)$(EFFECTIVE_PLATFORM_NAME)\"'";
				GCC_SYMBOLS_PRIVATE_EXTERN = NO;
				HEADER_SEARCH_PATHS = (
					"/Users/alex/ROOT/root-install/include",
					/Users/alex/Documents/ROOTCuts,
					/Users/alex/delphes/external,
					/Users/alex/delphes,
				);
				INSTALL_PATH = "";
				OTHER_LDFLAGS = " ";
				OTHER_REZFLAGS = "";
				PRODUCT_NAME = ZERO_CHECK;
				SECTORDER_FLAGS = "";
				SYMROOT = /Users/alex/Documents/ROOTCuts/xcode;
				USE_HEADERMAP = NO;
				WARNING_CFLAGS = (
					"-Wmost",
					"-Wno-four-char-constants",
					"-Wno-unknown-pragmas",
					"$(inherited)",
				);
			};
			name = Release;
		};
		40668903623A42BDBCE3E471 /* Debug */ = {
			isa = XCBuildConfiguration;
			buildSettings = {
				COMBINE_HIDPI_IMAGES = YES;
				GCC_GENERATE_DEBUGGING_SYMBOLS = YES;
				GCC_INLINES_ARE_PRIVATE_EXTERN = NO;
				GCC_OPTIMIZATION_LEVEL = 0;
				GCC_PREPROCESSOR_DEFINITIONS = "'CMAKE_INTDIR=\"$(CONFIGURATION)$(EFFECTIVE_PLATFORM_NAME)\"'";
				GCC_SYMBOLS_PRIVATE_EXTERN = NO;
				HEADER_SEARCH_PATHS = (
					"/Users/alex/ROOT/root-install/include",
					/Users/alex/Documents/ROOTCuts,
					/Users/alex/delphes/external,
					/Users/alex/delphes,
				);
				INSTALL_PATH = "";
				OTHER_LDFLAGS = " ";
				OTHER_REZFLAGS = "";
				PRODUCT_NAME = install;
				SECTORDER_FLAGS = "";
				SYMROOT = /Users/alex/Documents/ROOTCuts/xcode;
				USE_HEADERMAP = NO;
				WARNING_CFLAGS = (
					"-Wmost",
					"-Wno-four-char-constants",
					"-Wno-unknown-pragmas",
					"$(inherited)",
				);
			};
			name = Debug;
		};
		61BD29E3EEE14D5EA1C1F010 /* RelWithDebInfo */ = {
			isa = XCBuildConfiguration;
			buildSettings = {
				COMBINE_HIDPI_IMAGES = YES;
				GCC_GENERATE_DEBUGGING_SYMBOLS = YES;
				GCC_INLINES_ARE_PRIVATE_EXTERN = NO;
				GCC_OPTIMIZATION_LEVEL = 0;
				GCC_PREPROCESSOR_DEFINITIONS = "'CMAKE_INTDIR=\"$(CONFIGURATION)$(EFFECTIVE_PLATFORM_NAME)\"'";
				GCC_SYMBOLS_PRIVATE_EXTERN = NO;
				HEADER_SEARCH_PATHS = (
					"/Users/alex/ROOT/root-install/include",
					/Users/alex/Documents/ROOTCuts,
					/Users/alex/delphes/external,
					/Users/alex/delphes,
				);
				INSTALL_PATH = "";
				OTHER_LDFLAGS = " ";
				OTHER_REZFLAGS = "";
				PRODUCT_NAME = ALL_BUILD;
				SECTORDER_FLAGS = "";
				SYMROOT = /Users/alex/Documents/ROOTCuts/xcode;
				USE_HEADERMAP = NO;
				WARNING_CFLAGS = (
					"-Wmost",
					"-Wno-four-char-constants",
					"-Wno-unknown-pragmas",
					"$(inherited)",
				);
			};
			name = RelWithDebInfo;
		};
		65F7C1DA1BB4480593F5CF1A /* RelWithDebInfo */ = {
			isa = XCBuildConfiguration;
			buildSettings = {
				COMBINE_HIDPI_IMAGES = YES;
				GCC_GENERATE_DEBUGGING_SYMBOLS = YES;
				GCC_INLINES_ARE_PRIVATE_EXTERN = NO;
				GCC_OPTIMIZATION_LEVEL = 0;
				GCC_PREPROCESSOR_DEFINITIONS = "'CMAKE_INTDIR=\"$(CONFIGURATION)$(EFFECTIVE_PLATFORM_NAME)\"'";
				GCC_SYMBOLS_PRIVATE_EXTERN = NO;
				HEADER_SEARCH_PATHS = (
					"/Users/alex/ROOT/root-install/include",
					/Users/alex/Documents/ROOTCuts,
					/Users/alex/delphes/external,
					/Users/alex/delphes,
				);
				INSTALL_PATH = "";
				OTHER_LDFLAGS = " ";
				OTHER_REZFLAGS = "";
				PRODUCT_NAME = install;
				SECTORDER_FLAGS = "";
				SYMROOT = /Users/alex/Documents/ROOTCuts/xcode;
				USE_HEADERMAP = NO;
				WARNING_CFLAGS = (
					"-Wmost",
					"-Wno-four-char-constants",
					"-Wno-unknown-pragmas",
					"$(inherited)",
				);
			};
			name = RelWithDebInfo;
		};
		75AB60F4903341D69AB207ED /* RelWithDebInfo */ = {
			isa = XCBuildConfiguration;
			buildSettings = {
				ONLY_ACTIVE_ARCH = YES;
				SDKROOT = /Applications/Xcode.app/Contents/Developer/Platforms/MacOSX.platform/Developer/SDKs/MacOSX10.11.sdk;
				SYMROOT = /Users/alex/Documents/ROOTCuts/xcode/build;
			};
			name = RelWithDebInfo;
		};
		7E858A7526234A4C84D852D0 /* MinSizeRel */ = {
			isa = XCBuildConfiguration;
			buildSettings = {
				COMBINE_HIDPI_IMAGES = YES;
				GCC_GENERATE_DEBUGGING_SYMBOLS = YES;
				GCC_INLINES_ARE_PRIVATE_EXTERN = NO;
				GCC_OPTIMIZATION_LEVEL = 0;
				GCC_PREPROCESSOR_DEFINITIONS = "'CMAKE_INTDIR=\"$(CONFIGURATION)$(EFFECTIVE_PLATFORM_NAME)\"'";
				GCC_SYMBOLS_PRIVATE_EXTERN = NO;
				HEADER_SEARCH_PATHS = (
					"/Users/alex/ROOT/root-install/include",
					/Users/alex/Documents/ROOTCuts,
					/Users/alex/delphes/external,
					/Users/alex/delphes,
				);
				INSTALL_PATH = "";
				OTHER_LDFLAGS = " ";
				OTHER_REZFLAGS = "";
				PRODUCT_NAME = ALL_BUILD;
				SECTORDER_FLAGS = "";
				SYMROOT = /Users/alex/Documents/ROOTCuts/xcode;
				USE_HEADERMAP = NO;
				WARNING_CFLAGS = (
					"-Wmost",
					"-Wno-four-char-constants",
					"-Wno-unknown-pragmas",
					"$(inherited)",
				);
			};
			name = MinSizeRel;
		};
		8CA33C5CCDEF4813B1B1241A /* Debug */ = {
			isa = XCBuildConfiguration;
			buildSettings = {
				COMBINE_HIDPI_IMAGES = YES;
				GCC_GENERATE_DEBUGGING_SYMBOLS = YES;
				GCC_INLINES_ARE_PRIVATE_EXTERN = NO;
				GCC_OPTIMIZATION_LEVEL = 0;
				GCC_PREPROCESSOR_DEFINITIONS = "'CMAKE_INTDIR=\"$(CONFIGURATION)$(EFFECTIVE_PLATFORM_NAME)\"'";
				GCC_SYMBOLS_PRIVATE_EXTERN = NO;
				HEADER_SEARCH_PATHS = (
					"/Users/alex/ROOT/root-install/include",
					/Users/alex/Documents/ROOTCuts,
					/Users/alex/delphes/external,
					/Users/alex/delphes,
				);
				INSTALL_PATH = "";
				OTHER_LDFLAGS = " ";
				OTHER_REZFLAGS = "";
				PRODUCT_NAME = ALL_BUILD;
				SECTORDER_FLAGS = "";
				SYMROOT = /Users/alex/Documents/ROOTCuts/xcode;
				USE_HEADERMAP = NO;
				WARNING_CFLAGS = (
					"-Wmost",
					"-Wno-four-char-constants",
					"-Wno-unknown-pragmas",
					"$(inherited)",
				);
			};
			name = Debug;
		};
		A2421AB0FDEC4A32A275158C /* Debug */ = {
			isa = XCBuildConfiguration;
			buildSettings = {
				COMBINE_HIDPI_IMAGES = YES;
				EXECUTABLE_PREFIX = "";
				EXECUTABLE_SUFFIX = "";
				GCC_GENERATE_DEBUGGING_SYMBOLS = YES;
				GCC_INLINES_ARE_PRIVATE_EXTERN = NO;
				GCC_OPTIMIZATION_LEVEL = 0;
				GCC_PREPROCESSOR_DEFINITIONS = "'CMAKE_INTDIR=\"$(CONFIGURATION)$(EFFECTIVE_PLATFORM_NAME)\"'";
				GCC_SYMBOLS_PRIVATE_EXTERN = NO;
				HEADER_SEARCH_PATHS = (
					"/Users/alex/ROOT/root-install/include",
					/Users/alex/Documents/ROOTCuts,
					/Users/alex/delphes/external,
					/Users/alex/delphes,
				);
				INSTALL_PATH = "";
				LD_RUNPATH_SEARCH_PATHS = "/Users/alex/ROOT/root-install/lib /Users/alex/delphes";
				LIBRARY_SEARCH_PATHS = (
					"/Users/alex/ROOT/root-install/lib/$(CONFIGURATION)$(EFFECTIVE_PLATFORM_NAME)",
					"/Users/alex/ROOT/root-install/lib",
					"/Users/alex/delphes/$(CONFIGURATION)$(EFFECTIVE_PLATFORM_NAME)",
					/Users/alex/delphes,
				);
				OTHER_CPLUSPLUSFLAGS = (
					"-m64",
					"-pipe",
					"-fsigned-char",
					"-fno-common",
					"-Qunused-arguments",
					"-pthread",
					"-std=c++11",
					"-m64",
					"-pipe",
					"-fsigned-char",
					"-fno-common",
					"-Qunused-arguments",
					"-pthread",
					"-std=c++11",
				);
				OTHER_LDFLAGS = (
					"-Wl,-search_paths_first",
					"-Wl,-headerpad_max_install_names",
					"-lDelphes",
					"/Users/alex/ROOT/root-install/lib/libCore.so",
					"/Users/alex/ROOT/root-install/lib/libRIO.so",
					"/Users/alex/ROOT/root-install/lib/libNet.so",
					"/Users/alex/ROOT/root-install/lib/libHist.so",
					"/Users/alex/ROOT/root-install/lib/libGraf.so",
					"/Users/alex/ROOT/root-install/lib/libGraf3d.so",
					"/Users/alex/ROOT/root-install/lib/libGpad.so",
					"/Users/alex/ROOT/root-install/lib/libTree.so",
					"/Users/alex/ROOT/root-install/lib/libRint.so",
					"/Users/alex/ROOT/root-install/lib/libPostscript.so",
					"/Users/alex/ROOT/root-install/lib/libMatrix.so",
					"/Users/alex/ROOT/root-install/lib/libPhysics.so",
					"/Users/alex/ROOT/root-install/lib/libMathCore.so",
					"/Users/alex/ROOT/root-install/lib/libThread.so",
					"/Users/alex/ROOT/root-install/lib/libMultiProc.so",
				);
				OTHER_REZFLAGS = "";
				PRODUCT_NAME = ROOTCuts;
				SECTORDER_FLAGS = "";
				SYMROOT = /Users/alex/Documents/ROOTCuts/xcode;
				USE_HEADERMAP = NO;
				WARNING_CFLAGS = (
					"-Wmost",
					"-Wno-four-char-constants",
					"-Wno-unknown-pragmas",
					"$(inherited)",
				);
			};
			name = Debug;
		};
		AF310F3B321844A3898F3E81 /* MinSizeRel */ = {
			isa = XCBuildConfiguration;
			buildSettings = {
				ONLY_ACTIVE_ARCH = YES;
				SDKROOT = /Applications/Xcode.app/Contents/Developer/Platforms/MacOSX.platform/Developer/SDKs/MacOSX10.11.sdk;
				SYMROOT = /Users/alex/Documents/ROOTCuts/xcode/build;
			};
			name = MinSizeRel;
		};
		B87A8D4D88E544728784028A /* MinSizeRel */ = {
			isa = XCBuildConfiguration;
			buildSettings = {
				COMBINE_HIDPI_IMAGES = YES;
				GCC_GENERATE_DEBUGGING_SYMBOLS = YES;
				GCC_INLINES_ARE_PRIVATE_EXTERN = NO;
				GCC_OPTIMIZATION_LEVEL = 0;
				GCC_PREPROCESSOR_DEFINITIONS = "'CMAKE_INTDIR=\"$(CONFIGURATION)$(EFFECTIVE_PLATFORM_NAME)\"'";
				GCC_SYMBOLS_PRIVATE_EXTERN = NO;
				HEADER_SEARCH_PATHS = (
					"/Users/alex/ROOT/root-install/include",
					/Users/alex/Documents/ROOTCuts,
					/Users/alex/delphes/external,
					/Users/alex/delphes,
				);
				INSTALL_PATH = "";
				OTHER_LDFLAGS = " ";
				OTHER_REZFLAGS = "";
				PRODUCT_NAME = install;
				SECTORDER_FLAGS = "";
				SYMROOT = /Users/alex/Documents/ROOTCuts/xcode;
				USE_HEADERMAP = NO;
				WARNING_CFLAGS = (
					"-Wmost",
					"-Wno-four-char-constants",
					"-Wno-unknown-pragmas",
					"$(inherited)",
				);
			};
			name = MinSizeRel;
		};
		C135B7FD3E024EDDA0833227 /* Release */ = {
			isa = XCBuildConfiguration;
			buildSettings = {
				COMBINE_HIDPI_IMAGES = YES;
				GCC_GENERATE_DEBUGGING_SYMBOLS = YES;
				GCC_INLINES_ARE_PRIVATE_EXTERN = NO;
				GCC_OPTIMIZATION_LEVEL = 0;
				GCC_PREPROCESSOR_DEFINITIONS = "'CMAKE_INTDIR=\"$(CONFIGURATION)$(EFFECTIVE_PLATFORM_NAME)\"'";
				GCC_SYMBOLS_PRIVATE_EXTERN = NO;
				HEADER_SEARCH_PATHS = (
					"/Users/alex/ROOT/root-install/include",
					/Users/alex/Documents/ROOTCuts,
					/Users/alex/delphes/external,
					/Users/alex/delphes,
				);
				INSTALL_PATH = "";
				OTHER_LDFLAGS = " ";
				OTHER_REZFLAGS = "";
				PRODUCT_NAME = ALL_BUILD;
				SECTORDER_FLAGS = "";
				SYMROOT = /Users/alex/Documents/ROOTCuts/xcode;
				USE_HEADERMAP = NO;
				WARNING_CFLAGS = (
					"-Wmost",
					"-Wno-four-char-constants",
					"-Wno-unknown-pragmas",
					"$(inherited)",
				);
			};
			name = Release;
		};
		C2D0700654DA4F849C2C6A70 /* MinSizeRel */ = {
			isa = XCBuildConfiguration;
			buildSettings = {
				COMBINE_HIDPI_IMAGES = YES;
				GCC_GENERATE_DEBUGGING_SYMBOLS = YES;
				GCC_INLINES_ARE_PRIVATE_EXTERN = NO;
				GCC_OPTIMIZATION_LEVEL = 0;
				GCC_PREPROCESSOR_DEFINITIONS = "'CMAKE_INTDIR=\"$(CONFIGURATION)$(EFFECTIVE_PLATFORM_NAME)\"'";
				GCC_SYMBOLS_PRIVATE_EXTERN = NO;
				HEADER_SEARCH_PATHS = (
					"/Users/alex/ROOT/root-install/include",
					/Users/alex/Documents/ROOTCuts,
					/Users/alex/delphes/external,
					/Users/alex/delphes,
				);
				INSTALL_PATH = "";
				OTHER_LDFLAGS = " ";
				OTHER_REZFLAGS = "";
				PRODUCT_NAME = ZERO_CHECK;
				SECTORDER_FLAGS = "";
				SYMROOT = /Users/alex/Documents/ROOTCuts/xcode;
				USE_HEADERMAP = NO;
				WARNING_CFLAGS = (
					"-Wmost",
					"-Wno-four-char-constants",
					"-Wno-unknown-pragmas",
					"$(inherited)",
				);
			};
			name = MinSizeRel;
		};
		DAB68ACEBB8B4DF79A4A75EC /* MinSizeRel */ = {
			isa = XCBuildConfiguration;
			buildSettings = {
				COMBINE_HIDPI_IMAGES = YES;
				EXECUTABLE_PREFIX = "";
				EXECUTABLE_SUFFIX = "";
				GCC_GENERATE_DEBUGGING_SYMBOLS = NO;
				GCC_INLINES_ARE_PRIVATE_EXTERN = NO;
				GCC_OPTIMIZATION_LEVEL = s;
				GCC_PREPROCESSOR_DEFINITIONS = "'CMAKE_INTDIR=\"$(CONFIGURATION)$(EFFECTIVE_PLATFORM_NAME)\"'";
				GCC_SYMBOLS_PRIVATE_EXTERN = NO;
				HEADER_SEARCH_PATHS = (
					"/Users/alex/ROOT/root-install/include",
					/Users/alex/Documents/ROOTCuts,
					/Users/alex/delphes/external,
					/Users/alex/delphes,
				);
				INSTALL_PATH = "";
				LD_RUNPATH_SEARCH_PATHS = "/Users/alex/ROOT/root-install/lib /Users/alex/delphes";
				LIBRARY_SEARCH_PATHS = (
					"/Users/alex/ROOT/root-install/lib/$(CONFIGURATION)$(EFFECTIVE_PLATFORM_NAME)",
					"/Users/alex/ROOT/root-install/lib",
					"/Users/alex/delphes/$(CONFIGURATION)$(EFFECTIVE_PLATFORM_NAME)",
					/Users/alex/delphes,
				);
				OTHER_CPLUSPLUSFLAGS = (
					"-m64",
					"-pipe",
					"-fsigned-char",
					"-fno-common",
					"-Qunused-arguments",
					"-pthread",
					"-std=c++11",
					"-DNDEBUG",
					"-m64",
					"-pipe",
					"-fsigned-char",
					"-fno-common",
					"-Qunused-arguments",
					"-pthread",
					"-std=c++11",
				);
				OTHER_LDFLAGS = (
					"-Wl,-search_paths_first",
					"-Wl,-headerpad_max_install_names",
					"-lDelphes",
					"/Users/alex/ROOT/root-install/lib/libCore.so",
					"/Users/alex/ROOT/root-install/lib/libRIO.so",
					"/Users/alex/ROOT/root-install/lib/libNet.so",
					"/Users/alex/ROOT/root-install/lib/libHist.so",
					"/Users/alex/ROOT/root-install/lib/libGraf.so",
					"/Users/alex/ROOT/root-install/lib/libGraf3d.so",
					"/Users/alex/ROOT/root-install/lib/libGpad.so",
					"/Users/alex/ROOT/root-install/lib/libTree.so",
					"/Users/alex/ROOT/root-install/lib/libRint.so",
					"/Users/alex/ROOT/root-install/lib/libPostscript.so",
					"/Users/alex/ROOT/root-install/lib/libMatrix.so",
					"/Users/alex/ROOT/root-install/lib/libPhysics.so",
					"/Users/alex/ROOT/root-install/lib/libMathCore.so",
					"/Users/alex/ROOT/root-install/lib/libThread.so",
					"/Users/alex/ROOT/root-install/lib/libMultiProc.so",
				);
				OTHER_REZFLAGS = "";
				PRODUCT_NAME = ROOTCuts;
				SECTORDER_FLAGS = "";
				SYMROOT = /Users/alex/Documents/ROOTCuts/xcode;
				USE_HEADERMAP = NO;
				WARNING_CFLAGS = (
					"-Wmost",
					"-Wno-four-char-constants",
					"-Wno-unknown-pragmas",
					"$(inherited)",
				);
			};
			name = MinSizeRel;
		};
		F602F503DF894E53914F5220 /* Release */ = {
			isa = XCBuildConfiguration;
			buildSettings = {
				COMBINE_HIDPI_IMAGES = YES;
				EXECUTABLE_PREFIX = "";
				EXECUTABLE_SUFFIX = "";
				GCC_GENERATE_DEBUGGING_SYMBOLS = NO;
				GCC_INLINES_ARE_PRIVATE_EXTERN = NO;
				GCC_OPTIMIZATION_LEVEL = 3;
				GCC_PREPROCESSOR_DEFINITIONS = "'CMAKE_INTDIR=\"$(CONFIGURATION)$(EFFECTIVE_PLATFORM_NAME)\"'";
				GCC_SYMBOLS_PRIVATE_EXTERN = NO;
				HEADER_SEARCH_PATHS = (
					"/Users/alex/ROOT/root-install/include",
					/Users/alex/Documents/ROOTCuts,
					/Users/alex/delphes/external,
					/Users/alex/delphes,
				);
				INSTALL_PATH = "";
				LD_RUNPATH_SEARCH_PATHS = "/Users/alex/ROOT/root-install/lib /Users/alex/delphes";
				LIBRARY_SEARCH_PATHS = (
					"/Users/alex/ROOT/root-install/lib/$(CONFIGURATION)$(EFFECTIVE_PLATFORM_NAME)",
					"/Users/alex/ROOT/root-install/lib",
					"/Users/alex/delphes/$(CONFIGURATION)$(EFFECTIVE_PLATFORM_NAME)",
					/Users/alex/delphes,
				);
				OTHER_CPLUSPLUSFLAGS = (
					"-m64",
					"-pipe",
					"-fsigned-char",
					"-fno-common",
					"-Qunused-arguments",
					"-pthread",
					"-std=c++11",
					"-DNDEBUG",
					"-m64",
					"-pipe",
					"-fsigned-char",
					"-fno-common",
					"-Qunused-arguments",
					"-pthread",
					"-std=c++11",
				);
				OTHER_LDFLAGS = (
					"-Wl,-search_paths_first",
					"-Wl,-headerpad_max_install_names",
					"-lDelphes",
					"/Users/alex/ROOT/root-install/lib/libCore.so",
					"/Users/alex/ROOT/root-install/lib/libRIO.so",
					"/Users/alex/ROOT/root-install/lib/libNet.so",
					"/Users/alex/ROOT/root-install/lib/libHist.so",
					"/Users/alex/ROOT/root-install/lib/libGraf.so",
					"/Users/alex/ROOT/root-install/lib/libGraf3d.so",
					"/Users/alex/ROOT/root-install/lib/libGpad.so",
					"/Users/alex/ROOT/root-install/lib/libTree.so",
					"/Users/alex/ROOT/root-install/lib/libRint.so",
					"/Users/alex/ROOT/root-install/lib/libPostscript.so",
					"/Users/alex/ROOT/root-install/lib/libMatrix.so",
					"/Users/alex/ROOT/root-install/lib/libPhysics.so",
					"/Users/alex/ROOT/root-install/lib/libMathCore.so",
					"/Users/alex/ROOT/root-install/lib/libThread.so",
					"/Users/alex/ROOT/root-install/lib/libMultiProc.so",
				);
				OTHER_REZFLAGS = "";
				PRODUCT_NAME = ROOTCuts;
				SECTORDER_FLAGS = "";
				SYMROOT = /Users/alex/Documents/ROOTCuts/xcode;
				USE_HEADERMAP = NO;
				WARNING_CFLAGS = (
					"-Wmost",
					"-Wno-four-char-constants",
					"-Wno-unknown-pragmas",
					"$(inherited)",
				);
			};
			name = Release;
		};
/* End XCBuildConfiguration section */

/* Begin XCConfigurationList section */
		1663CF216C474B06A050716F /* Build configuration list for PBXAggregateTarget "ALL_BUILD" */ = {
			isa = XCConfigurationList;
			buildConfigurations = (
				8CA33C5CCDEF4813B1B1241A /* Debug */,
				C135B7FD3E024EDDA0833227 /* Release */,
				7E858A7526234A4C84D852D0 /* MinSizeRel */,
				61BD29E3EEE14D5EA1C1F010 /* RelWithDebInfo */,
			);
			defaultConfigurationIsVisible = 0;
			defaultConfigurationName = Debug;
		};
		81A7CEF799174D39B19836DA /* Build configuration list for PBXAggregateTarget "install" */ = {
			isa = XCConfigurationList;
			buildConfigurations = (
				40668903623A42BDBCE3E471 /* Debug */,
				35ED72FCCF834A64AB326068 /* Release */,
				B87A8D4D88E544728784028A /* MinSizeRel */,
				65F7C1DA1BB4480593F5CF1A /* RelWithDebInfo */,
			);
			defaultConfigurationIsVisible = 0;
			defaultConfigurationName = Debug;
		};
		AFA95B4129CD467A9EFF5012 /* Build configuration list for PBXAggregateTarget "ZERO_CHECK" */ = {
			isa = XCConfigurationList;
			buildConfigurations = (
				14E8B52C61354B89994288F7 /* Debug */,
				3A0E0ABD0D8141BF821FB936 /* Release */,
				C2D0700654DA4F849C2C6A70 /* MinSizeRel */,
				1C4F7267ADC34C93A924979F /* RelWithDebInfo */,
			);
			defaultConfigurationIsVisible = 0;
			defaultConfigurationName = Debug;
		};
		B752AF32B1B54ED89D0FE404 /* Build configuration list for PBXNativeTarget "ROOTCuts" */ = {
			isa = XCConfigurationList;
			buildConfigurations = (
				A2421AB0FDEC4A32A275158C /* Debug */,
				F602F503DF894E53914F5220 /* Release */,
				DAB68ACEBB8B4DF79A4A75EC /* MinSizeRel */,
				2D15C752F100467C9DC4C05C /* RelWithDebInfo */,
			);
			defaultConfigurationIsVisible = 0;
			defaultConfigurationName = Debug;
		};
		F9D45216594E47A19C7AAB5E /* Build configuration list for PBXProject "ROOTCuts" */ = {
			isa = XCConfigurationList;
			buildConfigurations = (
				1ED1AF1AFBBA46A89414C7BC /* Debug */,
				0218A194A43C4155B8A396C7 /* Release */,
				AF310F3B321844A3898F3E81 /* MinSizeRel */,
				75AB60F4903341D69AB207ED /* RelWithDebInfo */,
			);
			defaultConfigurationIsVisible = 0;
			defaultConfigurationName = Debug;
		};
/* End XCConfigurationList section */
	};
	rootObject = FD6E65AB5F37467F8FAF257D /* Project object */;
}
