// !$*UTF8*$!
{
	archiveVersion = 1;
	classes = {
	};
	objectVersion = 46;
	objects = {

/* Begin PBXAggregateTarget section */
		00FCEF8D3E4847B09A0F8275 /* install */ = {
			isa = PBXAggregateTarget;
			buildConfigurationList = 0CC3C4341C0D42088CC38386 /* Build configuration list for PBXAggregateTarget "install" */;
			buildPhases = (
				262B567896A54D6491DC52DF /* CMake PostBuild Rules */,
			);
			dependencies = (
				1B5AFC90567E40E6BFED58D0 /* PBXTargetDependency */,
			);
			name = install;
			productName = install;
		};
		7A675DD28D364C06BC771387 /* ALL_BUILD */ = {
			isa = PBXAggregateTarget;
			buildConfigurationList = 378B1E6899004667BCEE3283 /* Build configuration list for PBXAggregateTarget "ALL_BUILD" */;
			buildPhases = (
				F81FB0AABDCA47BEB971CE86 /* CMake Rules */,
			);
			dependencies = (
				980602DAEDA8427EAF7D26A0 /* PBXTargetDependency */,
				24FB387F6D5045528FD54BF3 /* PBXTargetDependency */,
			);
			name = ALL_BUILD;
			productName = ALL_BUILD;
		};
		99C8A0BCF50C4F76AA3E773C /* ZERO_CHECK */ = {
			isa = PBXAggregateTarget;
			buildConfigurationList = B5F419DAD8914F2181170B75 /* Build configuration list for PBXAggregateTarget "ZERO_CHECK" */;
			buildPhases = (
				EB00F8C3B6B5486AB9FE83BD /* CMake Rules */,
			);
			dependencies = (
			);
			name = ZERO_CHECK;
			productName = ZERO_CHECK;
		};
/* End PBXAggregateTarget section */

/* Begin PBXBuildFile section */
		1C927971CCD640F8BAEF1A03 /* TerminalPlot.cc in Sources */ = {isa = PBXBuildFile; fileRef = 90136CEA72024D908AD984E6 /* TerminalPlot.cc */; settings = {COMPILER_FLAGS = ""; }; };
		360CCB9623F3493AA6990B0F /* JetDoubleMbbPairFinder.cc in Sources */ = {isa = PBXBuildFile; fileRef = 6A111F81E76E48268F013F4A /* JetDoubleMbbPairFinder.cc */; settings = {COMPILER_FLAGS = ""; }; };
		37420E233AFC4E2CA30AEF3D /* ROOTcuts.cc in Sources */ = {isa = PBXBuildFile; fileRef = 5C615E40C44F4E318C879EE7 /* ROOTcuts.cc */; settings = {COMPILER_FLAGS = ""; }; };
		6D25F10F63044E1C92758817 /* BiasedDeltaPhi.cc in Sources */ = {isa = PBXBuildFile; fileRef = 4A450EE561004ACBA7808E89 /* BiasedDeltaPhi.cc */; settings = {COMPILER_FLAGS = ""; }; };
		781B8A7C5565442C87AA7865 /* JetDoublePairFinder.cc in Sources */ = {isa = PBXBuildFile; fileRef = 76A77EB4ED344AC29DF7572D /* JetDoublePairFinder.cc */; settings = {COMPILER_FLAGS = ""; }; };
		B90381F9C1B34701A2A1A0FE /* JetPairFinder.cc in Sources */ = {isa = PBXBuildFile; fileRef = 2A3BEAB89E974B20A8C658DB /* JetPairFinder.cc */; settings = {COMPILER_FLAGS = ""; }; };
		B95F5986DB034B33A99B9B8D /* CutsFunction.cc in Sources */ = {isa = PBXBuildFile; fileRef = 0C25F33641544AB3A2C5E121 /* CutsFunction.cc */; settings = {COMPILER_FLAGS = ""; }; };
		C40F918DDBFB4002BDAB351A /* CutsFunctionBkg.cc in Sources */ = {isa = PBXBuildFile; fileRef = 192FE6B74ECE47E3A1897E2E /* CutsFunctionBkg.cc */; settings = {COMPILER_FLAGS = ""; }; };
		EA792853716943978EA6915B /* Jet2Plus1Finder.cc in Sources */ = {isa = PBXBuildFile; fileRef = 65FC5544B70349F1910D088A /* Jet2Plus1Finder.cc */; settings = {COMPILER_FLAGS = ""; }; };
		F5B3AD273D114F1181754D7F /* Jet2Plus1MbbFinder.cc in Sources */ = {isa = PBXBuildFile; fileRef = CAB739F9FD4D4843BDC6237E /* Jet2Plus1MbbFinder.cc */; settings = {COMPILER_FLAGS = ""; }; };
/* End PBXBuildFile section */

/* Begin PBXContainerItemProxy section */
		68F9B787099941F9B52E65FD /* PBXContainerItemProxy */ = {
			isa = PBXContainerItemProxy;
			containerPortal = FD6E65AB5F37467F8FAF257D /* Project object */;
			proxyType = 1;
			remoteGlobalIDString = 99C8A0BCF50C4F76AA3E773C;
			remoteInfo = ZERO_CHECK;
		};
		984C20FE89BF47B58D226DE1 /* PBXContainerItemProxy */ = {
			isa = PBXContainerItemProxy;
			containerPortal = FD6E65AB5F37467F8FAF257D /* Project object */;
			proxyType = 1;
			remoteGlobalIDString = 7A675DD28D364C06BC771387;
			remoteInfo = ALL_BUILD;
		};
		C787F0BF3DED483B9089B992 /* PBXContainerItemProxy */ = {
			isa = PBXContainerItemProxy;
			containerPortal = FD6E65AB5F37467F8FAF257D /* Project object */;
			proxyType = 1;
			remoteGlobalIDString = BA42CDD5B7EB4A3AAB565AD4;
			remoteInfo = ROOTCuts;
		};
		FA5FDD66076A48BA9094F5B5 /* PBXContainerItemProxy */ = {
			isa = PBXContainerItemProxy;
			containerPortal = FD6E65AB5F37467F8FAF257D /* Project object */;
			proxyType = 1;
			remoteGlobalIDString = 99C8A0BCF50C4F76AA3E773C;
			remoteInfo = ZERO_CHECK;
		};
/* End PBXContainerItemProxy section */

/* Begin PBXFileReference section */
		0C25F33641544AB3A2C5E121 /* CutsFunction.cc */ = {isa = PBXFileReference; explicitFileType = sourcecode.cpp.cpp; fileEncoding = 4; name = CutsFunction.cc; path = src/CutsFunction.cc; sourceTree = SOURCE_ROOT; };
		192FE6B74ECE47E3A1897E2E /* CutsFunctionBkg.cc */ = {isa = PBXFileReference; explicitFileType = sourcecode.cpp.cpp; fileEncoding = 4; name = CutsFunctionBkg.cc; path = src/CutsFunctionBkg.cc; sourceTree = SOURCE_ROOT; };
		2844DEF8B7CA454A816A650A /* CMakeLists.txt */ = {isa = PBXFileReference; explicitFileType = sourcecode.text; fileEncoding = 4; lastKnownFileType = text; path = CMakeLists.txt; sourceTree = SOURCE_ROOT; };
		2A3BEAB89E974B20A8C658DB /* JetPairFinder.cc */ = {isa = PBXFileReference; explicitFileType = sourcecode.cpp.cpp; fileEncoding = 4; name = JetPairFinder.cc; path = src/JetPairFinder.cc; sourceTree = SOURCE_ROOT; };
		4A450EE561004ACBA7808E89 /* BiasedDeltaPhi.cc */ = {isa = PBXFileReference; explicitFileType = sourcecode.cpp.cpp; fileEncoding = 4; name = BiasedDeltaPhi.cc; path = src/BiasedDeltaPhi.cc; sourceTree = SOURCE_ROOT; };
		5C615E40C44F4E318C879EE7 /* ROOTcuts.cc */ = {isa = PBXFileReference; explicitFileType = sourcecode.cpp.cpp; fileEncoding = 4; path = ROOTcuts.cc; sourceTree = SOURCE_ROOT; };
		5D15D9130DE042E5BEFD6176 /* CMakeLists.txt */ = {isa = PBXFileReference; explicitFileType = sourcecode.text; fileEncoding = 4; lastKnownFileType = text; path = CMakeLists.txt; sourceTree = SOURCE_ROOT; };
		65FC5544B70349F1910D088A /* Jet2Plus1Finder.cc */ = {isa = PBXFileReference; explicitFileType = sourcecode.cpp.cpp; fileEncoding = 4; name = Jet2Plus1Finder.cc; path = src/Jet2Plus1Finder.cc; sourceTree = SOURCE_ROOT; };
		6A111F81E76E48268F013F4A /* JetDoubleMbbPairFinder.cc */ = {isa = PBXFileReference; explicitFileType = sourcecode.cpp.cpp; fileEncoding = 4; name = JetDoubleMbbPairFinder.cc; path = src/JetDoubleMbbPairFinder.cc; sourceTree = SOURCE_ROOT; };
		76A77EB4ED344AC29DF7572D /* JetDoublePairFinder.cc */ = {isa = PBXFileReference; explicitFileType = sourcecode.cpp.cpp; fileEncoding = 4; name = JetDoublePairFinder.cc; path = src/JetDoublePairFinder.cc; sourceTree = SOURCE_ROOT; };
		7E3A0E06927942679FD16925 /* Ulrich_cuts.hh */ = {isa = PBXFileReference; explicitFileType = sourcecode.cpp.h; fileEncoding = 4; name = Ulrich_cuts.hh; path = include/Ulrich_cuts.hh; sourceTree = SOURCE_ROOT; };
		90136CEA72024D908AD984E6 /* TerminalPlot.cc */ = {isa = PBXFileReference; explicitFileType = sourcecode.cpp.cpp; fileEncoding = 4; name = TerminalPlot.cc; path = src/TerminalPlot.cc; sourceTree = SOURCE_ROOT; };
		A1FA7B26A16143CE975E6E3B /* ROOTCuts */ = {isa = PBXFileReference; explicitFileType = "compiled.mach-o.executable"; path = ROOTCuts; sourceTree = BUILT_PRODUCTS_DIR; };
		AFFEB312E45D40C0980EB180 /* TerminalPlot.hh */ = {isa = PBXFileReference; explicitFileType = sourcecode.cpp.h; fileEncoding = 4; name = TerminalPlot.hh; path = include/TerminalPlot.hh; sourceTree = SOURCE_ROOT; };
		CAB739F9FD4D4843BDC6237E /* Jet2Plus1MbbFinder.cc */ = {isa = PBXFileReference; explicitFileType = sourcecode.cpp.cpp; fileEncoding = 4; name = Jet2Plus1MbbFinder.cc; path = src/Jet2Plus1MbbFinder.cc; sourceTree = SOURCE_ROOT; };
		D4C42B8D964A47A5A0F27FB7 /* BiasedDeltaPhi.hh */ = {isa = PBXFileReference; explicitFileType = sourcecode.cpp.h; fileEncoding = 4; name = BiasedDeltaPhi.hh; path = include/BiasedDeltaPhi.hh; sourceTree = SOURCE_ROOT; };
		FA4D60161DBA40F4001EC9D6 /* example.rootcuts */ = {isa = PBXFileReference; fileEncoding = 4; lastKnownFileType = text; path = example.rootcuts; sourceTree = "<group>"; };
		FA4D60171DBA40F4001EC9D6 /* README.md */ = {isa = PBXFileReference; fileEncoding = 4; lastKnownFileType = net.daringfireball.markdown; path = README.md; sourceTree = "<group>"; };
		FA4D60181DBA425A001EC9D6 /* env.sh */ = {isa = PBXFileReference; fileEncoding = 4; lastKnownFileType = text.script.sh; name = env.sh; path = bin/env.sh; sourceTree = "<group>"; };
		FA4D60191DBA5598001EC9D6 /* auto-install.sh */ = {isa = PBXFileReference; fileEncoding = 4; lastKnownFileType = text.script.sh; name = "auto-install.sh"; path = "bin/auto-install.sh"; sourceTree = "<group>"; };
		FA84EE82D3AE4B339EEA7D98 /* CMakeLists.txt */ = {isa = PBXFileReference; explicitFileType = sourcecode.text; fileEncoding = 4; lastKnownFileType = text; path = CMakeLists.txt; sourceTree = SOURCE_ROOT; };
/* End PBXFileReference section */

/* Begin PBXGroup section */
		2F1A828354854F419B5E688C /* Header Files */ = {
			isa = PBXGroup;
			children = (
				D4C42B8D964A47A5A0F27FB7 /* BiasedDeltaPhi.hh */,
				AFFEB312E45D40C0980EB180 /* TerminalPlot.hh */,
				7E3A0E06927942679FD16925 /* Ulrich_cuts.hh */,
			);
			name = "Header Files";
			sourceTree = "<group>";
		};
		4CBB0AA4F0244DF1B44E206A /* ALL_BUILD */ = {
			isa = PBXGroup;
			children = (
				6AB5F56EE4074883A4672095 /* CMake Rules */,
				5D15D9130DE042E5BEFD6176 /* CMakeLists.txt */,
			);
			name = ALL_BUILD;
			sourceTree = "<group>";
		};
		605B1DAD93434EBA98270C97 /* Resources */ = {
			isa = PBXGroup;
			children = (
			);
			name = Resources;
			sourceTree = "<group>";
		};
		6AB5F56EE4074883A4672095 /* CMake Rules */ = {
			isa = PBXGroup;
			children = (
			);
			name = "CMake Rules";
			sourceTree = "<group>";
		};
		8C8BAA679679405F9803B41B = {
			isa = PBXGroup;
			children = (
				96DA42E617514B8EBE66D053 /* Sources */,
				605B1DAD93434EBA98270C97 /* Resources */,
				BF8670701EC0458EB722BE80 /* Products */,
			);
			sourceTree = "<group>";
		};
		951D3CD170F14244AD3FF7B8 /* ZERO_CHECK */ = {
			isa = PBXGroup;
			children = (
				ED016FF2BFC643EF88C65408 /* CMake Rules */,
				2844DEF8B7CA454A816A650A /* CMakeLists.txt */,
			);
			name = ZERO_CHECK;
			sourceTree = "<group>";
		};
		96DA42E617514B8EBE66D053 /* Sources */ = {
			isa = PBXGroup;
			children = (
				951D3CD170F14244AD3FF7B8 /* ZERO_CHECK */,
				4CBB0AA4F0244DF1B44E206A /* ALL_BUILD */,
				CC1D59645F794CBA827DA47E /* ROOTCuts */,
			);
			name = Sources;
			sourceTree = "<group>";
		};
		BF8670701EC0458EB722BE80 /* Products */ = {
			isa = PBXGroup;
			children = (
				A1FA7B26A16143CE975E6E3B /* ROOTCuts */,
			);
			name = Products;
			sourceTree = "<group>";
		};
		CC1D59645F794CBA827DA47E /* ROOTCuts */ = {
			isa = PBXGroup;
			children = (
				FEE8CB21048D454FB97FCC5A /* Source Files */,
				2F1A828354854F419B5E688C /* Header Files */,
				FA84EE82D3AE4B339EEA7D98 /* CMakeLists.txt */,
				FA4D60181DBA425A001EC9D6 /* env.sh */,
				FA4D60191DBA5598001EC9D6 /* auto-install.sh */,
				FA4D60161DBA40F4001EC9D6 /* example.rootcuts */,
				FA4D60171DBA40F4001EC9D6 /* README.md */,
			);
			name = ROOTCuts;
			sourceTree = "<group>";
		};
		ED016FF2BFC643EF88C65408 /* CMake Rules */ = {
			isa = PBXGroup;
			children = (
			);
			name = "CMake Rules";
			sourceTree = "<group>";
		};
		FEE8CB21048D454FB97FCC5A /* Source Files */ = {
			isa = PBXGroup;
			children = (
				5C615E40C44F4E318C879EE7 /* ROOTcuts.cc */,
				4A450EE561004ACBA7808E89 /* BiasedDeltaPhi.cc */,
				0C25F33641544AB3A2C5E121 /* CutsFunction.cc */,
				192FE6B74ECE47E3A1897E2E /* CutsFunctionBkg.cc */,
				65FC5544B70349F1910D088A /* Jet2Plus1Finder.cc */,
				CAB739F9FD4D4843BDC6237E /* Jet2Plus1MbbFinder.cc */,
				6A111F81E76E48268F013F4A /* JetDoubleMbbPairFinder.cc */,
				76A77EB4ED344AC29DF7572D /* JetDoublePairFinder.cc */,
				2A3BEAB89E974B20A8C658DB /* JetPairFinder.cc */,
				90136CEA72024D908AD984E6 /* TerminalPlot.cc */,
			);
			name = "Source Files";
			sourceTree = "<group>";
		};
/* End PBXGroup section */

/* Begin PBXNativeTarget section */
		BA42CDD5B7EB4A3AAB565AD4 /* ROOTCuts */ = {
			isa = PBXNativeTarget;
			buildConfigurationList = DB3A8C7B5CF54192B17B1EEA /* Build configuration list for PBXNativeTarget "ROOTCuts" */;
			buildPhases = (
				5BEBA37969E64556AD0D2253 /* Sources */,
			);
			buildRules = (
			);
			dependencies = (
				28400603830A42EC9F7763FE /* PBXTargetDependency */,
			);
			name = ROOTCuts;
			productName = ROOTCuts;
			productReference = A1FA7B26A16143CE975E6E3B /* ROOTCuts */;
			productType = "com.apple.product-type.tool";
		};
/* End PBXNativeTarget section */

/* Begin PBXProject section */
		FD6E65AB5F37467F8FAF257D /* Project object */ = {
			isa = PBXProject;
			attributes = {
				BuildIndependentTargetsInParallel = YES;
			};
			buildConfigurationList = 122F55964FA345C594647D01 /* Build configuration list for PBXProject "ROOTCuts" */;
			compatibilityVersion = "Xcode 3.2";
			developmentRegion = English;
			hasScannedForEncodings = 0;
			knownRegions = (
				en,
			);
			mainGroup = 8C8BAA679679405F9803B41B;
			projectDirPath = ../;
			projectRoot = "";
			targets = (
				7A675DD28D364C06BC771387 /* ALL_BUILD */,
				BA42CDD5B7EB4A3AAB565AD4 /* ROOTCuts */,
				99C8A0BCF50C4F76AA3E773C /* ZERO_CHECK */,
				00FCEF8D3E4847B09A0F8275 /* install */,
			);
		};
/* End PBXProject section */

/* Begin PBXShellScriptBuildPhase section */
		262B567896A54D6491DC52DF /* CMake PostBuild Rules */ = {
			isa = PBXShellScriptBuildPhase;
			buildActionMask = 2147483647;
			files = (
			);
			name = "CMake PostBuild Rules";
			runOnlyForDeploymentPostprocessing = 0;
			shellPath = /bin/sh;
			shellScript = "make -C /Users/alex/Documents/ROOTCuts/xcode -f /Users/alex/Documents/ROOTCuts/xcode/CMakeScripts/install_postBuildPhase.make$CONFIGURATION all";
			showEnvVarsInLog = 0;
		};
		EB00F8C3B6B5486AB9FE83BD /* CMake Rules */ = {
			isa = PBXShellScriptBuildPhase;
			buildActionMask = 2147483647;
			files = (
			);
			name = "CMake Rules";
			runOnlyForDeploymentPostprocessing = 0;
			shellPath = /bin/sh;
			shellScript = "make -C /Users/alex/Documents/ROOTCuts/xcode -f /Users/alex/Documents/ROOTCuts/xcode/CMakeScripts/ZERO_CHECK_cmakeRulesBuildPhase.make$CONFIGURATION all";
			showEnvVarsInLog = 0;
		};
		F81FB0AABDCA47BEB971CE86 /* CMake Rules */ = {
			isa = PBXShellScriptBuildPhase;
			buildActionMask = 2147483647;
			files = (
			);
			name = "CMake Rules";
			runOnlyForDeploymentPostprocessing = 0;
			shellPath = /bin/sh;
			shellScript = "make -C /Users/alex/Documents/ROOTCuts/xcode -f /Users/alex/Documents/ROOTCuts/xcode/CMakeScripts/ALL_BUILD_cmakeRulesBuildPhase.make$CONFIGURATION all";
			showEnvVarsInLog = 0;
		};
/* End PBXShellScriptBuildPhase section */

/* Begin PBXSourcesBuildPhase section */
		5BEBA37969E64556AD0D2253 /* Sources */ = {
			isa = PBXSourcesBuildPhase;
			buildActionMask = 2147483647;
			files = (
				37420E233AFC4E2CA30AEF3D /* ROOTcuts.cc in Sources */,
				6D25F10F63044E1C92758817 /* BiasedDeltaPhi.cc in Sources */,
				B95F5986DB034B33A99B9B8D /* CutsFunction.cc in Sources */,
				C40F918DDBFB4002BDAB351A /* CutsFunctionBkg.cc in Sources */,
				EA792853716943978EA6915B /* Jet2Plus1Finder.cc in Sources */,
				F5B3AD273D114F1181754D7F /* Jet2Plus1MbbFinder.cc in Sources */,
				360CCB9623F3493AA6990B0F /* JetDoubleMbbPairFinder.cc in Sources */,
				781B8A7C5565442C87AA7865 /* JetDoublePairFinder.cc in Sources */,
				B90381F9C1B34701A2A1A0FE /* JetPairFinder.cc in Sources */,
				1C927971CCD640F8BAEF1A03 /* TerminalPlot.cc in Sources */,
			);
			runOnlyForDeploymentPostprocessing = 0;
		};
/* End PBXSourcesBuildPhase section */

/* Begin PBXTargetDependency section */
		1B5AFC90567E40E6BFED58D0 /* PBXTargetDependency */ = {
			isa = PBXTargetDependency;
			target = 7A675DD28D364C06BC771387 /* ALL_BUILD */;
			targetProxy = 984C20FE89BF47B58D226DE1 /* PBXContainerItemProxy */;
		};
		24FB387F6D5045528FD54BF3 /* PBXTargetDependency */ = {
			isa = PBXTargetDependency;
			target = 99C8A0BCF50C4F76AA3E773C /* ZERO_CHECK */;
			targetProxy = FA5FDD66076A48BA9094F5B5 /* PBXContainerItemProxy */;
		};
		28400603830A42EC9F7763FE /* PBXTargetDependency */ = {
			isa = PBXTargetDependency;
			target = 99C8A0BCF50C4F76AA3E773C /* ZERO_CHECK */;
			targetProxy = 68F9B787099941F9B52E65FD /* PBXContainerItemProxy */;
		};
		980602DAEDA8427EAF7D26A0 /* PBXTargetDependency */ = {
			isa = PBXTargetDependency;
			target = BA42CDD5B7EB4A3AAB565AD4 /* ROOTCuts */;
			targetProxy = C787F0BF3DED483B9089B992 /* PBXContainerItemProxy */;
		};
/* End PBXTargetDependency section */

/* Begin XCBuildConfiguration section */
		096799DE89134B1994E3071E /* Release */ = {
			isa = XCBuildConfiguration;
			buildSettings = {
				COMBINE_HIDPI_IMAGES = YES;
				EXECUTABLE_PREFIX = "";
				EXECUTABLE_SUFFIX = "";
				GCC_GENERATE_DEBUGGING_SYMBOLS = NO;
				GCC_INLINES_ARE_PRIVATE_EXTERN = NO;
				GCC_OPTIMIZATION_LEVEL = 3;
				GCC_PREPROCESSOR_DEFINITIONS = "'CMAKE_INTDIR=\"$(CONFIGURATION)$(EFFECTIVE_PLATFORM_NAME)\"'";
				GCC_SYMBOLS_PRIVATE_EXTERN = NO;
				HEADER_SEARCH_PATHS = (
					"/Users/alex/ROOT/root-install/include",
					/Users/alex/Documents/ROOTCuts,
					/Users/alex/delphes/external,
					/Users/alex/delphes,
				);
				INSTALL_PATH = "";
				LD_RUNPATH_SEARCH_PATHS = "/Users/alex/ROOT/root-install/lib /Users/alex/delphes";
				LIBRARY_SEARCH_PATHS = (
					"/Users/alex/ROOT/root-install/lib/$(CONFIGURATION)$(EFFECTIVE_PLATFORM_NAME)",
					"/Users/alex/ROOT/root-install/lib",
					"/Users/alex/delphes/$(CONFIGURATION)$(EFFECTIVE_PLATFORM_NAME)",
					/Users/alex/delphes,
				);
				OTHER_CPLUSPLUSFLAGS = (
					"-m64",
					"-pipe",
					"-fsigned-char",
					"-fno-common",
					"-Qunused-arguments",
					"-pthread",
					"-std=c++11",
					"-DNDEBUG",
					"-m64",
					"-pipe",
					"-fsigned-char",
					"-fno-common",
					"-Qunused-arguments",
					"-pthread",
					"-std=c++11",
					"-std=c++11",
				);
				OTHER_LDFLAGS = (
					"-Wl,-search_paths_first",
					"-Wl,-headerpad_max_install_names",
					"-lDelphes",
					"/Users/alex/ROOT/root-install/lib/libCore.so",
					"/Users/alex/ROOT/root-install/lib/libRIO.so",
					"/Users/alex/ROOT/root-install/lib/libNet.so",
					"/Users/alex/ROOT/root-install/lib/libHist.so",
					"/Users/alex/ROOT/root-install/lib/libGraf.so",
					"/Users/alex/ROOT/root-install/lib/libGraf3d.so",
					"/Users/alex/ROOT/root-install/lib/libGpad.so",
					"/Users/alex/ROOT/root-install/lib/libTree.so",
					"/Users/alex/ROOT/root-install/lib/libRint.so",
					"/Users/alex/ROOT/root-install/lib/libPostscript.so",
					"/Users/alex/ROOT/root-install/lib/libMatrix.so",
					"/Users/alex/ROOT/root-install/lib/libPhysics.so",
					"/Users/alex/ROOT/root-install/lib/libMathCore.so",
					"/Users/alex/ROOT/root-install/lib/libThread.so",
					"/Users/alex/ROOT/root-install/lib/libMultiProc.so",
				);
				OTHER_REZFLAGS = "";
				PRODUCT_NAME = ROOTCuts;
				SECTORDER_FLAGS = "";
				SYMROOT = /Users/alex/Documents/ROOTCuts/xcode;
				USE_HEADERMAP = NO;
				WARNING_CFLAGS = (
					"-Wmost",
					"-Wno-four-char-constants",
					"-Wno-unknown-pragmas",
					"$(inherited)",
				);
			};
			name = Release;
		};
		0C4469B323BB444197B002B7 /* RelWithDebInfo */ = {
			isa = XCBuildConfiguration;
			buildSettings = {
				COMBINE_HIDPI_IMAGES = YES;
				EXECUTABLE_PREFIX = "";
				EXECUTABLE_SUFFIX = "";
				GCC_GENERATE_DEBUGGING_SYMBOLS = YES;
				GCC_INLINES_ARE_PRIVATE_EXTERN = NO;
				GCC_OPTIMIZATION_LEVEL = 2;
				GCC_PREPROCESSOR_DEFINITIONS = "'CMAKE_INTDIR=\"$(CONFIGURATION)$(EFFECTIVE_PLATFORM_NAME)\"'";
				GCC_SYMBOLS_PRIVATE_EXTERN = NO;
				HEADER_SEARCH_PATHS = (
					"/Users/alex/ROOT/root-install/include",
					/Users/alex/Documents/ROOTCuts,
					/Users/alex/delphes/external,
					/Users/alex/delphes,
				);
				INSTALL_PATH = "";
				LD_RUNPATH_SEARCH_PATHS = "/Users/alex/ROOT/root-install/lib /Users/alex/delphes";
				LIBRARY_SEARCH_PATHS = (
					"/Users/alex/ROOT/root-install/lib/$(CONFIGURATION)$(EFFECTIVE_PLATFORM_NAME)",
					"/Users/alex/ROOT/root-install/lib",
					"/Users/alex/delphes/$(CONFIGURATION)$(EFFECTIVE_PLATFORM_NAME)",
					/Users/alex/delphes,
				);
				OTHER_CPLUSPLUSFLAGS = (
					"-m64",
					"-pipe",
					"-fsigned-char",
					"-fno-common",
					"-Qunused-arguments",
					"-pthread",
					"-std=c++11",
					"-DNDEBUG",
					"-m64",
					"-pipe",
					"-fsigned-char",
					"-fno-common",
					"-Qunused-arguments",
					"-pthread",
					"-std=c++11",
					"-std=c++11",
				);
				OTHER_LDFLAGS = (
					"-Wl,-search_paths_first",
					"-Wl,-headerpad_max_install_names",
					"-lDelphes",
					"/Users/alex/ROOT/root-install/lib/libCore.so",
					"/Users/alex/ROOT/root-install/lib/libRIO.so",
					"/Users/alex/ROOT/root-install/lib/libNet.so",
					"/Users/alex/ROOT/root-install/lib/libHist.so",
					"/Users/alex/ROOT/root-install/lib/libGraf.so",
					"/Users/alex/ROOT/root-install/lib/libGraf3d.so",
					"/Users/alex/ROOT/root-install/lib/libGpad.so",
					"/Users/alex/ROOT/root-install/lib/libTree.so",
					"/Users/alex/ROOT/root-install/lib/libRint.so",
					"/Users/alex/ROOT/root-install/lib/libPostscript.so",
					"/Users/alex/ROOT/root-install/lib/libMatrix.so",
					"/Users/alex/ROOT/root-install/lib/libPhysics.so",
					"/Users/alex/ROOT/root-install/lib/libMathCore.so",
					"/Users/alex/ROOT/root-install/lib/libThread.so",
					"/Users/alex/ROOT/root-install/lib/libMultiProc.so",
				);
				OTHER_REZFLAGS = "";
				PRODUCT_NAME = ROOTCuts;
				SECTORDER_FLAGS = "";
				SYMROOT = /Users/alex/Documents/ROOTCuts/xcode;
				USE_HEADERMAP = NO;
				WARNING_CFLAGS = (
					"-Wmost",
					"-Wno-four-char-constants",
					"-Wno-unknown-pragmas",
					"$(inherited)",
				);
			};
			name = RelWithDebInfo;
		};
		143C21E4C7BB4F3AABCC318D /* Release */ = {
			isa = XCBuildConfiguration;
			buildSettings = {
				COMBINE_HIDPI_IMAGES = YES;
				GCC_GENERATE_DEBUGGING_SYMBOLS = YES;
				GCC_INLINES_ARE_PRIVATE_EXTERN = NO;
				GCC_OPTIMIZATION_LEVEL = 0;
				GCC_PREPROCESSOR_DEFINITIONS = "'CMAKE_INTDIR=\"$(CONFIGURATION)$(EFFECTIVE_PLATFORM_NAME)\"'";
				GCC_SYMBOLS_PRIVATE_EXTERN = NO;
				HEADER_SEARCH_PATHS = (
					"/Users/alex/ROOT/root-install/include",
					/Users/alex/Documents/ROOTCuts,
					/Users/alex/delphes/external,
					/Users/alex/delphes,
				);
				INSTALL_PATH = "";
				OTHER_LDFLAGS = " ";
				OTHER_REZFLAGS = "";
				PRODUCT_NAME = ALL_BUILD;
				SECTORDER_FLAGS = "";
				SYMROOT = /Users/alex/Documents/ROOTCuts/xcode;
				USE_HEADERMAP = NO;
				WARNING_CFLAGS = (
					"-Wmost",
					"-Wno-four-char-constants",
					"-Wno-unknown-pragmas",
					"$(inherited)",
				);
			};
			name = Release;
		};
		21C4D2FC72DB46358A1AD713 /* MinSizeRel */ = {
			isa = XCBuildConfiguration;
			buildSettings = {
				COMBINE_HIDPI_IMAGES = YES;
				GCC_GENERATE_DEBUGGING_SYMBOLS = YES;
				GCC_INLINES_ARE_PRIVATE_EXTERN = NO;
				GCC_OPTIMIZATION_LEVEL = 0;
				GCC_PREPROCESSOR_DEFINITIONS = "'CMAKE_INTDIR=\"$(CONFIGURATION)$(EFFECTIVE_PLATFORM_NAME)\"'";
				GCC_SYMBOLS_PRIVATE_EXTERN = NO;
				HEADER_SEARCH_PATHS = (
					"/Users/alex/ROOT/root-install/include",
					/Users/alex/Documents/ROOTCuts,
					/Users/alex/delphes/external,
					/Users/alex/delphes,
				);
				INSTALL_PATH = "";
				OTHER_LDFLAGS = " ";
				OTHER_REZFLAGS = "";
				PRODUCT_NAME = ALL_BUILD;
				SECTORDER_FLAGS = "";
				SYMROOT = /Users/alex/Documents/ROOTCuts/xcode;
				USE_HEADERMAP = NO;
				WARNING_CFLAGS = (
					"-Wmost",
					"-Wno-four-char-constants",
					"-Wno-unknown-pragmas",
					"$(inherited)",
				);
			};
			name = MinSizeRel;
		};
		2815922B961044D7BDE53302 /* Release */ = {
			isa = XCBuildConfiguration;
			buildSettings = {
				ONLY_ACTIVE_ARCH = YES;
				SDKROOT = /Applications/Xcode.app/Contents/Developer/Platforms/MacOSX.platform/Developer/SDKs/MacOSX10.11.sdk;
				SYMROOT = /Users/alex/Documents/ROOTCuts/xcode/build;
			};
			name = Release;
		};
		44721935C9D94339B2D77768 /* RelWithDebInfo */ = {
			isa = XCBuildConfiguration;
			buildSettings = {
				COMBINE_HIDPI_IMAGES = YES;
				GCC_GENERATE_DEBUGGING_SYMBOLS = YES;
				GCC_INLINES_ARE_PRIVATE_EXTERN = NO;
				GCC_OPTIMIZATION_LEVEL = 0;
				GCC_PREPROCESSOR_DEFINITIONS = "'CMAKE_INTDIR=\"$(CONFIGURATION)$(EFFECTIVE_PLATFORM_NAME)\"'";
				GCC_SYMBOLS_PRIVATE_EXTERN = NO;
				HEADER_SEARCH_PATHS = (
					"/Users/alex/ROOT/root-install/include",
					/Users/alex/Documents/ROOTCuts,
					/Users/alex/delphes/external,
					/Users/alex/delphes,
				);
				INSTALL_PATH = "";
				OTHER_LDFLAGS = " ";
				OTHER_REZFLAGS = "";
				PRODUCT_NAME = install;
				SECTORDER_FLAGS = "";
				SYMROOT = /Users/alex/Documents/ROOTCuts/xcode;
				USE_HEADERMAP = NO;
				WARNING_CFLAGS = (
					"-Wmost",
					"-Wno-four-char-constants",
					"-Wno-unknown-pragmas",
					"$(inherited)",
				);
			};
			name = RelWithDebInfo;
		};
		4C82A9555D8C4676841C2E2F /* Release */ = {
			isa = XCBuildConfiguration;
			buildSettings = {
				COMBINE_HIDPI_IMAGES = YES;
				GCC_GENERATE_DEBUGGING_SYMBOLS = YES;
				GCC_INLINES_ARE_PRIVATE_EXTERN = NO;
				GCC_OPTIMIZATION_LEVEL = 0;
				GCC_PREPROCESSOR_DEFINITIONS = "'CMAKE_INTDIR=\"$(CONFIGURATION)$(EFFECTIVE_PLATFORM_NAME)\"'";
				GCC_SYMBOLS_PRIVATE_EXTERN = NO;
				HEADER_SEARCH_PATHS = (
					"/Users/alex/ROOT/root-install/include",
					/Users/alex/Documents/ROOTCuts,
					/Users/alex/delphes/external,
					/Users/alex/delphes,
				);
				INSTALL_PATH = "";
				OTHER_LDFLAGS = " ";
				OTHER_REZFLAGS = "";
				PRODUCT_NAME = ZERO_CHECK;
				SECTORDER_FLAGS = "";
				SYMROOT = /Users/alex/Documents/ROOTCuts/xcode;
				USE_HEADERMAP = NO;
				WARNING_CFLAGS = (
					"-Wmost",
					"-Wno-four-char-constants",
					"-Wno-unknown-pragmas",
					"$(inherited)",
				);
			};
			name = Release;
		};
		72C80699CF1D45E187E8BC23 /* MinSizeRel */ = {
			isa = XCBuildConfiguration;
			buildSettings = {
				COMBINE_HIDPI_IMAGES = YES;
				EXECUTABLE_PREFIX = "";
				EXECUTABLE_SUFFIX = "";
				GCC_GENERATE_DEBUGGING_SYMBOLS = NO;
				GCC_INLINES_ARE_PRIVATE_EXTERN = NO;
				GCC_OPTIMIZATION_LEVEL = s;
				GCC_PREPROCESSOR_DEFINITIONS = "'CMAKE_INTDIR=\"$(CONFIGURATION)$(EFFECTIVE_PLATFORM_NAME)\"'";
				GCC_SYMBOLS_PRIVATE_EXTERN = NO;
				HEADER_SEARCH_PATHS = (
					"/Users/alex/ROOT/root-install/include",
					/Users/alex/Documents/ROOTCuts,
					/Users/alex/delphes/external,
					/Users/alex/delphes,
				);
				INSTALL_PATH = "";
				LD_RUNPATH_SEARCH_PATHS = "/Users/alex/ROOT/root-install/lib /Users/alex/delphes";
				LIBRARY_SEARCH_PATHS = (
					"/Users/alex/ROOT/root-install/lib/$(CONFIGURATION)$(EFFECTIVE_PLATFORM_NAME)",
					"/Users/alex/ROOT/root-install/lib",
					"/Users/alex/delphes/$(CONFIGURATION)$(EFFECTIVE_PLATFORM_NAME)",
					/Users/alex/delphes,
				);
				OTHER_CPLUSPLUSFLAGS = (
					"-m64",
					"-pipe",
					"-fsigned-char",
					"-fno-common",
					"-Qunused-arguments",
					"-pthread",
					"-std=c++11",
					"-DNDEBUG",
					"-m64",
					"-pipe",
					"-fsigned-char",
					"-fno-common",
					"-Qunused-arguments",
					"-pthread",
					"-std=c++11",
					"-std=c++11",
				);
				OTHER_LDFLAGS = (
					"-Wl,-search_paths_first",
					"-Wl,-headerpad_max_install_names",
					"-lDelphes",
					"/Users/alex/ROOT/root-install/lib/libCore.so",
					"/Users/alex/ROOT/root-install/lib/libRIO.so",
					"/Users/alex/ROOT/root-install/lib/libNet.so",
					"/Users/alex/ROOT/root-install/lib/libHist.so",
					"/Users/alex/ROOT/root-install/lib/libGraf.so",
					"/Users/alex/ROOT/root-install/lib/libGraf3d.so",
					"/Users/alex/ROOT/root-install/lib/libGpad.so",
					"/Users/alex/ROOT/root-install/lib/libTree.so",
					"/Users/alex/ROOT/root-install/lib/libRint.so",
					"/Users/alex/ROOT/root-install/lib/libPostscript.so",
					"/Users/alex/ROOT/root-install/lib/libMatrix.so",
					"/Users/alex/ROOT/root-install/lib/libPhysics.so",
					"/Users/alex/ROOT/root-install/lib/libMathCore.so",
					"/Users/alex/ROOT/root-install/lib/libThread.so",
					"/Users/alex/ROOT/root-install/lib/libMultiProc.so",
				);
				OTHER_REZFLAGS = "";
				PRODUCT_NAME = ROOTCuts;
				SECTORDER_FLAGS = "";
				SYMROOT = /Users/alex/Documents/ROOTCuts/xcode;
				USE_HEADERMAP = NO;
				WARNING_CFLAGS = (
					"-Wmost",
					"-Wno-four-char-constants",
					"-Wno-unknown-pragmas",
					"$(inherited)",
				);
			};
			name = MinSizeRel;
		};
		78443C5460BB4609BA01A699 /* MinSizeRel */ = {
			isa = XCBuildConfiguration;
			buildSettings = {
				ONLY_ACTIVE_ARCH = YES;
				SDKROOT = /Applications/Xcode.app/Contents/Developer/Platforms/MacOSX.platform/Developer/SDKs/MacOSX10.11.sdk;
				SYMROOT = /Users/alex/Documents/ROOTCuts/xcode/build;
			};
			name = MinSizeRel;
		};
		8129AE1FC42842C7A8D53948 /* Debug */ = {
			isa = XCBuildConfiguration;
			buildSettings = {
				COMBINE_HIDPI_IMAGES = YES;
				GCC_GENERATE_DEBUGGING_SYMBOLS = YES;
				GCC_INLINES_ARE_PRIVATE_EXTERN = NO;
				GCC_OPTIMIZATION_LEVEL = 0;
				GCC_PREPROCESSOR_DEFINITIONS = "'CMAKE_INTDIR=\"$(CONFIGURATION)$(EFFECTIVE_PLATFORM_NAME)\"'";
				GCC_SYMBOLS_PRIVATE_EXTERN = NO;
				HEADER_SEARCH_PATHS = (
					"/Users/alex/ROOT/root-install/include",
					/Users/alex/Documents/ROOTCuts,
					/Users/alex/delphes/external,
					/Users/alex/delphes,
				);
				INSTALL_PATH = "";
				OTHER_LDFLAGS = " ";
				OTHER_REZFLAGS = "";
				PRODUCT_NAME = ZERO_CHECK;
				SECTORDER_FLAGS = "";
				SYMROOT = /Users/alex/Documents/ROOTCuts/xcode;
				USE_HEADERMAP = NO;
				WARNING_CFLAGS = (
					"-Wmost",
					"-Wno-four-char-constants",
					"-Wno-unknown-pragmas",
					"$(inherited)",
				);
			};
			name = Debug;
		};
		A1376E3C1BBB4555ACF4D175 /* Debug */ = {
			isa = XCBuildConfiguration;
			buildSettings = {
				COMBINE_HIDPI_IMAGES = YES;
				GCC_GENERATE_DEBUGGING_SYMBOLS = YES;
				GCC_INLINES_ARE_PRIVATE_EXTERN = NO;
				GCC_OPTIMIZATION_LEVEL = 0;
				GCC_PREPROCESSOR_DEFINITIONS = "'CMAKE_INTDIR=\"$(CONFIGURATION)$(EFFECTIVE_PLATFORM_NAME)\"'";
				GCC_SYMBOLS_PRIVATE_EXTERN = NO;
				HEADER_SEARCH_PATHS = (
					"/Users/alex/ROOT/root-install/include",
					/Users/alex/Documents/ROOTCuts,
					/Users/alex/delphes/external,
					/Users/alex/delphes,
				);
				INSTALL_PATH = "";
				OTHER_LDFLAGS = " ";
				OTHER_REZFLAGS = "";
				PRODUCT_NAME = install;
				SECTORDER_FLAGS = "";
				SYMROOT = /Users/alex/Documents/ROOTCuts/xcode;
				USE_HEADERMAP = NO;
				WARNING_CFLAGS = (
					"-Wmost",
					"-Wno-four-char-constants",
					"-Wno-unknown-pragmas",
					"$(inherited)",
				);
			};
			name = Debug;
		};
		AC6D4E8AD11F4C14BE96ECE7 /* Debug */ = {
			isa = XCBuildConfiguration;
			buildSettings = {
				COMBINE_HIDPI_IMAGES = YES;
				GCC_GENERATE_DEBUGGING_SYMBOLS = YES;
				GCC_INLINES_ARE_PRIVATE_EXTERN = NO;
				GCC_OPTIMIZATION_LEVEL = 0;
				GCC_PREPROCESSOR_DEFINITIONS = "'CMAKE_INTDIR=\"$(CONFIGURATION)$(EFFECTIVE_PLATFORM_NAME)\"'";
				GCC_SYMBOLS_PRIVATE_EXTERN = NO;
				HEADER_SEARCH_PATHS = (
					"/Users/alex/ROOT/root-install/include",
					/Users/alex/Documents/ROOTCuts,
					/Users/alex/delphes/external,
					/Users/alex/delphes,
				);
				INSTALL_PATH = "";
				OTHER_LDFLAGS = " ";
				OTHER_REZFLAGS = "";
				PRODUCT_NAME = ALL_BUILD;
				SECTORDER_FLAGS = "";
				SYMROOT = /Users/alex/Documents/ROOTCuts/xcode;
				USE_HEADERMAP = NO;
				WARNING_CFLAGS = (
					"-Wmost",
					"-Wno-four-char-constants",
					"-Wno-unknown-pragmas",
					"$(inherited)",
				);
			};
			name = Debug;
		};
		BA2C5FC42A554F68890D5AAF /* RelWithDebInfo */ = {
			isa = XCBuildConfiguration;
			buildSettings = {
				COMBINE_HIDPI_IMAGES = YES;
				GCC_GENERATE_DEBUGGING_SYMBOLS = YES;
				GCC_INLINES_ARE_PRIVATE_EXTERN = NO;
				GCC_OPTIMIZATION_LEVEL = 0;
				GCC_PREPROCESSOR_DEFINITIONS = "'CMAKE_INTDIR=\"$(CONFIGURATION)$(EFFECTIVE_PLATFORM_NAME)\"'";
				GCC_SYMBOLS_PRIVATE_EXTERN = NO;
				HEADER_SEARCH_PATHS = (
					"/Users/alex/ROOT/root-install/include",
					/Users/alex/Documents/ROOTCuts,
					/Users/alex/delphes/external,
					/Users/alex/delphes,
				);
				INSTALL_PATH = "";
				OTHER_LDFLAGS = " ";
				OTHER_REZFLAGS = "";
				PRODUCT_NAME = ZERO_CHECK;
				SECTORDER_FLAGS = "";
				SYMROOT = /Users/alex/Documents/ROOTCuts/xcode;
				USE_HEADERMAP = NO;
				WARNING_CFLAGS = (
					"-Wmost",
					"-Wno-four-char-constants",
					"-Wno-unknown-pragmas",
					"$(inherited)",
				);
			};
			name = RelWithDebInfo;
		};
		C3B097C58F004CEC95B8E704 /* RelWithDebInfo */ = {
			isa = XCBuildConfiguration;
			buildSettings = {
				COMBINE_HIDPI_IMAGES = YES;
				GCC_GENERATE_DEBUGGING_SYMBOLS = YES;
				GCC_INLINES_ARE_PRIVATE_EXTERN = NO;
				GCC_OPTIMIZATION_LEVEL = 0;
				GCC_PREPROCESSOR_DEFINITIONS = "'CMAKE_INTDIR=\"$(CONFIGURATION)$(EFFECTIVE_PLATFORM_NAME)\"'";
				GCC_SYMBOLS_PRIVATE_EXTERN = NO;
				HEADER_SEARCH_PATHS = (
					"/Users/alex/ROOT/root-install/include",
					/Users/alex/Documents/ROOTCuts,
					/Users/alex/delphes/external,
					/Users/alex/delphes,
				);
				INSTALL_PATH = "";
				OTHER_LDFLAGS = " ";
				OTHER_REZFLAGS = "";
				PRODUCT_NAME = ALL_BUILD;
				SECTORDER_FLAGS = "";
				SYMROOT = /Users/alex/Documents/ROOTCuts/xcode;
				USE_HEADERMAP = NO;
				WARNING_CFLAGS = (
					"-Wmost",
					"-Wno-four-char-constants",
					"-Wno-unknown-pragmas",
					"$(inherited)",
				);
			};
			name = RelWithDebInfo;
		};
		D5DF0738342F401B8AD37730 /* MinSizeRel */ = {
			isa = XCBuildConfiguration;
			buildSettings = {
				COMBINE_HIDPI_IMAGES = YES;
				GCC_GENERATE_DEBUGGING_SYMBOLS = YES;
				GCC_INLINES_ARE_PRIVATE_EXTERN = NO;
				GCC_OPTIMIZATION_LEVEL = 0;
				GCC_PREPROCESSOR_DEFINITIONS = "'CMAKE_INTDIR=\"$(CONFIGURATION)$(EFFECTIVE_PLATFORM_NAME)\"'";
				GCC_SYMBOLS_PRIVATE_EXTERN = NO;
				HEADER_SEARCH_PATHS = (
					"/Users/alex/ROOT/root-install/include",
					/Users/alex/Documents/ROOTCuts,
					/Users/alex/delphes/external,
					/Users/alex/delphes,
				);
				INSTALL_PATH = "";
				OTHER_LDFLAGS = " ";
				OTHER_REZFLAGS = "";
				PRODUCT_NAME = ZERO_CHECK;
				SECTORDER_FLAGS = "";
				SYMROOT = /Users/alex/Documents/ROOTCuts/xcode;
				USE_HEADERMAP = NO;
				WARNING_CFLAGS = (
					"-Wmost",
					"-Wno-four-char-constants",
					"-Wno-unknown-pragmas",
					"$(inherited)",
				);
			};
			name = MinSizeRel;
		};
		DB7A71F0FD674952A8181A78 /* Debug */ = {
			isa = XCBuildConfiguration;
			buildSettings = {
				COMBINE_HIDPI_IMAGES = YES;
				EXECUTABLE_PREFIX = "";
				EXECUTABLE_SUFFIX = "";
				GCC_GENERATE_DEBUGGING_SYMBOLS = YES;
				GCC_INLINES_ARE_PRIVATE_EXTERN = NO;
				GCC_OPTIMIZATION_LEVEL = 0;
				GCC_PREPROCESSOR_DEFINITIONS = "'CMAKE_INTDIR=\"$(CONFIGURATION)$(EFFECTIVE_PLATFORM_NAME)\"'";
				GCC_SYMBOLS_PRIVATE_EXTERN = NO;
				HEADER_SEARCH_PATHS = (
					"/Users/alex/ROOT/root-install/include",
					/Users/alex/Documents/ROOTCuts,
					/Users/alex/delphes/external,
					/Users/alex/delphes,
				);
				INSTALL_PATH = "";
				LD_RUNPATH_SEARCH_PATHS = "/Users/alex/ROOT/root-install/lib /Users/alex/delphes";
				LIBRARY_SEARCH_PATHS = (
					"/Users/alex/ROOT/root-install/lib/$(CONFIGURATION)$(EFFECTIVE_PLATFORM_NAME)",
					"/Users/alex/ROOT/root-install/lib",
					"/Users/alex/delphes/$(CONFIGURATION)$(EFFECTIVE_PLATFORM_NAME)",
					/Users/alex/delphes,
				);
				OTHER_CPLUSPLUSFLAGS = (
					"-m64",
					"-pipe",
					"-fsigned-char",
					"-fno-common",
					"-Qunused-arguments",
					"-pthread",
					"-std=c++11",
					"-m64",
					"-pipe",
					"-fsigned-char",
					"-fno-common",
					"-Qunused-arguments",
					"-pthread",
					"-std=c++11",
					"-std=c++11",
				);
				OTHER_LDFLAGS = (
					"-Wl,-search_paths_first",
					"-Wl,-headerpad_max_install_names",
					"-lDelphes",
					"/Users/alex/ROOT/root-install/lib/libCore.so",
					"/Users/alex/ROOT/root-install/lib/libRIO.so",
					"/Users/alex/ROOT/root-install/lib/libNet.so",
					"/Users/alex/ROOT/root-install/lib/libHist.so",
					"/Users/alex/ROOT/root-install/lib/libGraf.so",
					"/Users/alex/ROOT/root-install/lib/libGraf3d.so",
					"/Users/alex/ROOT/root-install/lib/libGpad.so",
					"/Users/alex/ROOT/root-install/lib/libTree.so",
					"/Users/alex/ROOT/root-install/lib/libRint.so",
					"/Users/alex/ROOT/root-install/lib/libPostscript.so",
					"/Users/alex/ROOT/root-install/lib/libMatrix.so",
					"/Users/alex/ROOT/root-install/lib/libPhysics.so",
					"/Users/alex/ROOT/root-install/lib/libMathCore.so",
					"/Users/alex/ROOT/root-install/lib/libThread.so",
					"/Users/alex/ROOT/root-install/lib/libMultiProc.so",
				);
				OTHER_REZFLAGS = "";
				PRODUCT_NAME = ROOTCuts;
				SECTORDER_FLAGS = "";
				SYMROOT = /Users/alex/Documents/ROOTCuts/xcode;
				USE_HEADERMAP = NO;
				WARNING_CFLAGS = (
					"-Wmost",
					"-Wno-four-char-constants",
					"-Wno-unknown-pragmas",
					"$(inherited)",
				);
			};
			name = Debug;
		};
		DE42BAA7A7CF44858C2EB4F3 /* MinSizeRel */ = {
			isa = XCBuildConfiguration;
			buildSettings = {
				COMBINE_HIDPI_IMAGES = YES;
				GCC_GENERATE_DEBUGGING_SYMBOLS = YES;
				GCC_INLINES_ARE_PRIVATE_EXTERN = NO;
				GCC_OPTIMIZATION_LEVEL = 0;
				GCC_PREPROCESSOR_DEFINITIONS = "'CMAKE_INTDIR=\"$(CONFIGURATION)$(EFFECTIVE_PLATFORM_NAME)\"'";
				GCC_SYMBOLS_PRIVATE_EXTERN = NO;
				HEADER_SEARCH_PATHS = (
					"/Users/alex/ROOT/root-install/include",
					/Users/alex/Documents/ROOTCuts,
					/Users/alex/delphes/external,
					/Users/alex/delphes,
				);
				INSTALL_PATH = "";
				OTHER_LDFLAGS = " ";
				OTHER_REZFLAGS = "";
				PRODUCT_NAME = install;
				SECTORDER_FLAGS = "";
				SYMROOT = /Users/alex/Documents/ROOTCuts/xcode;
				USE_HEADERMAP = NO;
				WARNING_CFLAGS = (
					"-Wmost",
					"-Wno-four-char-constants",
					"-Wno-unknown-pragmas",
					"$(inherited)",
				);
			};
			name = MinSizeRel;
		};
		ECAE2B809A4C49F7944E4EFC /* RelWithDebInfo */ = {
			isa = XCBuildConfiguration;
			buildSettings = {
				ONLY_ACTIVE_ARCH = YES;
				SDKROOT = /Applications/Xcode.app/Contents/Developer/Platforms/MacOSX.platform/Developer/SDKs/MacOSX10.11.sdk;
				SYMROOT = /Users/alex/Documents/ROOTCuts/xcode/build;
			};
			name = RelWithDebInfo;
		};
		F6EF307C6B8B4DFD903FD59C /* Debug */ = {
			isa = XCBuildConfiguration;
			buildSettings = {
				ONLY_ACTIVE_ARCH = YES;
				SDKROOT = /Applications/Xcode.app/Contents/Developer/Platforms/MacOSX.platform/Developer/SDKs/MacOSX10.11.sdk;
				SYMROOT = /Users/alex/Documents/ROOTCuts/xcode/build;
			};
			name = Debug;
		};
		F94023D773CE47BEAC4B9B43 /* Release */ = {
			isa = XCBuildConfiguration;
			buildSettings = {
				COMBINE_HIDPI_IMAGES = YES;
				GCC_GENERATE_DEBUGGING_SYMBOLS = YES;
				GCC_INLINES_ARE_PRIVATE_EXTERN = NO;
				GCC_OPTIMIZATION_LEVEL = 0;
				GCC_PREPROCESSOR_DEFINITIONS = "'CMAKE_INTDIR=\"$(CONFIGURATION)$(EFFECTIVE_PLATFORM_NAME)\"'";
				GCC_SYMBOLS_PRIVATE_EXTERN = NO;
				HEADER_SEARCH_PATHS = (
					"/Users/alex/ROOT/root-install/include",
					/Users/alex/Documents/ROOTCuts,
					/Users/alex/delphes/external,
					/Users/alex/delphes,
				);
				INSTALL_PATH = "";
				OTHER_LDFLAGS = " ";
				OTHER_REZFLAGS = "";
				PRODUCT_NAME = install;
				SECTORDER_FLAGS = "";
				SYMROOT = /Users/alex/Documents/ROOTCuts/xcode;
				USE_HEADERMAP = NO;
				WARNING_CFLAGS = (
					"-Wmost",
					"-Wno-four-char-constants",
					"-Wno-unknown-pragmas",
					"$(inherited)",
				);
			};
			name = Release;
		};
/* End XCBuildConfiguration section */

/* Begin XCConfigurationList section */
		0CC3C4341C0D42088CC38386 /* Build configuration list for PBXAggregateTarget "install" */ = {
			isa = XCConfigurationList;
			buildConfigurations = (
				A1376E3C1BBB4555ACF4D175 /* Debug */,
				F94023D773CE47BEAC4B9B43 /* Release */,
				DE42BAA7A7CF44858C2EB4F3 /* MinSizeRel */,
				44721935C9D94339B2D77768 /* RelWithDebInfo */,
			);
			defaultConfigurationIsVisible = 0;
			defaultConfigurationName = Debug;
		};
		122F55964FA345C594647D01 /* Build configuration list for PBXProject "ROOTCuts" */ = {
			isa = XCConfigurationList;
			buildConfigurations = (
				F6EF307C6B8B4DFD903FD59C /* Debug */,
				2815922B961044D7BDE53302 /* Release */,
				78443C5460BB4609BA01A699 /* MinSizeRel */,
				ECAE2B809A4C49F7944E4EFC /* RelWithDebInfo */,
			);
			defaultConfigurationIsVisible = 0;
			defaultConfigurationName = Debug;
		};
		378B1E6899004667BCEE3283 /* Build configuration list for PBXAggregateTarget "ALL_BUILD" */ = {
			isa = XCConfigurationList;
			buildConfigurations = (
				AC6D4E8AD11F4C14BE96ECE7 /* Debug */,
				143C21E4C7BB4F3AABCC318D /* Release */,
				21C4D2FC72DB46358A1AD713 /* MinSizeRel */,
				C3B097C58F004CEC95B8E704 /* RelWithDebInfo */,
			);
			defaultConfigurationIsVisible = 0;
			defaultConfigurationName = Debug;
		};
		B5F419DAD8914F2181170B75 /* Build configuration list for PBXAggregateTarget "ZERO_CHECK" */ = {
			isa = XCConfigurationList;
			buildConfigurations = (
				8129AE1FC42842C7A8D53948 /* Debug */,
				4C82A9555D8C4676841C2E2F /* Release */,
				D5DF0738342F401B8AD37730 /* MinSizeRel */,
				BA2C5FC42A554F68890D5AAF /* RelWithDebInfo */,
			);
			defaultConfigurationIsVisible = 0;
			defaultConfigurationName = Debug;
		};
		DB3A8C7B5CF54192B17B1EEA /* Build configuration list for PBXNativeTarget "ROOTCuts" */ = {
			isa = XCConfigurationList;
			buildConfigurations = (
				DB7A71F0FD674952A8181A78 /* Debug */,
				096799DE89134B1994E3071E /* Release */,
				72C80699CF1D45E187E8BC23 /* MinSizeRel */,
				0C4469B323BB444197B002B7 /* RelWithDebInfo */,
			);
			defaultConfigurationIsVisible = 0;
			defaultConfigurationName = Debug;
		};
/* End XCConfigurationList section */
	};
	rootObject = FD6E65AB5F37467F8FAF257D /* Project object */;
}
