// !$*UTF8*$!
{
	archiveVersion = 1;
	classes = {
	};
	objectVersion = 46;
	objects = {

/* Begin PBXAggregateTarget section */
		01DCF8E374E1452DA3BC5555 /* install */ = {
			isa = PBXAggregateTarget;
			buildConfigurationList = AE56B6A2E0ED4A5F925B91C7 /* Build configuration list for PBXAggregateTarget "install" */;
			buildPhases = (
				BC0E9EA252AC4B0CB711FA58 /* CMake PostBuild Rules */,
			);
			dependencies = (
				C4545E0B1B0848569875FA10 /* PBXTargetDependency */,
			);
			name = install;
			productName = install;
		};
		1B848E81226E40E4910C64AA /* ZERO_CHECK */ = {
			isa = PBXAggregateTarget;
			buildConfigurationList = 24FFCC5068534A048A85C026 /* Build configuration list for PBXAggregateTarget "ZERO_CHECK" */;
			buildPhases = (
				8C1C4192C20C4EFEA6A811E6 /* CMake Rules */,
			);
			dependencies = (
			);
			name = ZERO_CHECK;
			productName = ZERO_CHECK;
		};
		C15646D505AB45BAADB2662F /* ALL_BUILD */ = {
			isa = PBXAggregateTarget;
			buildConfigurationList = 6BF936EB2315413EAF84203C /* Build configuration list for PBXAggregateTarget "ALL_BUILD" */;
			buildPhases = (
				1830DB08739049EFBA38D469 /* CMake Rules */,
			);
			dependencies = (
				225011A8CF5D4A1884F8585C /* PBXTargetDependency */,
				15E7190C00244F729AC8804D /* PBXTargetDependency */,
			);
			name = ALL_BUILD;
			productName = ALL_BUILD;
		};
/* End PBXAggregateTarget section */

/* Begin PBXBuildFile section */
		03717E2A682A44698581144A /* /Users/alex/Documents/ROOTCuts/CMakeLists.txt */ = {isa = PBXBuildFile; fileRef = D9952736915F4D70BDA0BCCB /* /Users/alex/Documents/ROOTCuts/CMakeLists.txt */; };
		051C5B9392FB480CAEAE96C1 /* /Users/alex/Documents/ROOTCuts/src/Plotting.cc */ = {isa = PBXBuildFile; fileRef = A74BC12A5AB54F17A5F2CBAA /* /Users/alex/Documents/ROOTCuts/src/Plotting.cc */; };
		0E71D81271DF4EF1A2E63349 /* /Users/alex/Documents/ROOTCuts/src/JetPairFinder.cc */ = {isa = PBXBuildFile; fileRef = C730F7AA0A2441A995B87172 /* /Users/alex/Documents/ROOTCuts/src/JetPairFinder.cc */; };
		1AD6301BC16240F3B5795DEF /* /Users/alex/Documents/ROOTCuts/src/CutsFunction.cc */ = {isa = PBXBuildFile; fileRef = 63BE159593D546ABA59F9C15 /* /Users/alex/Documents/ROOTCuts/src/CutsFunction.cc */; };
		33510155434E44E7924D6A4A /* /Users/alex/Documents/ROOTCuts/src/CutsFunctionBkg.cc */ = {isa = PBXBuildFile; fileRef = 72790FBC961B46BBA0F97590 /* /Users/alex/Documents/ROOTCuts/src/CutsFunctionBkg.cc */; };
		33C848FE5F444AED8D50A02A /* /Users/alex/Documents/ROOTCuts/src/Jet2Plus1MbbFinder.cc */ = {isa = PBXBuildFile; fileRef = D7DDE91D012C4BC18E18D000 /* /Users/alex/Documents/ROOTCuts/src/Jet2Plus1MbbFinder.cc */; };
		52CF7A6E7D0441BC9A1D9DB9 /* /Users/alex/Documents/ROOTCuts/ROOTcuts.cc */ = {isa = PBXBuildFile; fileRef = 0E50CCF9632745D188229F5E /* /Users/alex/Documents/ROOTCuts/ROOTcuts.cc */; };
		571DC36D9F72481CA07C9E90 /* /Users/alex/Documents/ROOTCuts/src/Christmas.cc */ = {isa = PBXBuildFile; fileRef = 9C1C04B84E74491898165884 /* /Users/alex/Documents/ROOTCuts/src/Christmas.cc */; };
		5D35CF82D15B40ECA41F405D /* /Users/alex/Documents/ROOTCuts/src/JetDoubleMbbPairFinder.cc */ = {isa = PBXBuildFile; fileRef = 842CB24FDAB84AEFA104265F /* /Users/alex/Documents/ROOTCuts/src/JetDoubleMbbPairFinder.cc */; };
		65C176FBDE794E7D8ED80401 /* /Users/alex/Documents/ROOTCuts/include/TerminalPlot.hh */ = {isa = PBXBuildFile; fileRef = CABD7E0FA75E49099CFBAE2B /* /Users/alex/Documents/ROOTCuts/include/TerminalPlot.hh */; };
		8D769F40D2F247BC994818D6 /* /Users/alex/Documents/ROOTCuts/include/Ulrich_cuts.hh */ = {isa = PBXBuildFile; fileRef = 6B42A0CCC2AE46AF9CD4B807 /* /Users/alex/Documents/ROOTCuts/include/Ulrich_cuts.hh */; };
		9D4DE4882DF849939C479D88 /* /Users/alex/Documents/ROOTCuts/src/JetDoublePairFinder.cc */ = {isa = PBXBuildFile; fileRef = D6DA090D220147339B87D47A /* /Users/alex/Documents/ROOTCuts/src/JetDoublePairFinder.cc */; };
		A27CB9D46AF8416692E9496A /* /Users/alex/Documents/ROOTCuts/src/Jet2Plus1Finder.cc */ = {isa = PBXBuildFile; fileRef = 6D9F2213EC454CAEAFAE3B6A /* /Users/alex/Documents/ROOTCuts/src/Jet2Plus1Finder.cc */; };
		B90591D8EEFB4F63B2F89C82 /* /Users/alex/Documents/ROOTCuts/src/BiasedDeltaPhi.cc */ = {isa = PBXBuildFile; fileRef = 6190289B199D4329A9B0AB3E /* /Users/alex/Documents/ROOTCuts/src/BiasedDeltaPhi.cc */; };
		CB46D5A8D6DD4C75845B3A28 /* /Users/alex/Documents/ROOTCuts/include/BiasedDeltaPhi.hh */ = {isa = PBXBuildFile; fileRef = 09FB16D22884441CAEB72AD7 /* /Users/alex/Documents/ROOTCuts/include/BiasedDeltaPhi.hh */; };
		FF8172DCACCF4CFA89B8B57C /* /Users/alex/Documents/ROOTCuts/src/TerminalPlot.cc */ = {isa = PBXBuildFile; fileRef = 4A9D2EB75F294427A9A764DF /* /Users/alex/Documents/ROOTCuts/src/TerminalPlot.cc */; };
/* End PBXBuildFile section */

/* Begin PBXBuildStyle section */
		8A6B53863FF44292BD5B37D0 /* RelWithDebInfo */ = {
			isa = PBXBuildStyle;
			buildSettings = {
				COPY_PHASE_STRIP = NO;
			};
			name = RelWithDebInfo;
		};
		916ECAD1DD7641BBA98A6C84 /* MinSizeRel */ = {
			isa = PBXBuildStyle;
			buildSettings = {
				COPY_PHASE_STRIP = NO;
			};
			name = MinSizeRel;
		};
		A761D50914C14AB08FCDD9A9 /* Release */ = {
			isa = PBXBuildStyle;
			buildSettings = {
				COPY_PHASE_STRIP = NO;
			};
			name = Release;
		};
		D3DBBED56EAC44AA962F094D = {
			isa = PBXBuildStyle;
		};
		F3A97C4A5BCE41AF918F5808 /* Debug */ = {
			isa = PBXBuildStyle;
			buildSettings = {
				COPY_PHASE_STRIP = NO;
			};
			name = Debug;
		};
/* End PBXBuildStyle section */

/* Begin PBXContainerItemProxy section */
		303602E4EE134F719CA3F8CC /* PBXContainerItemProxy */ = {
			isa = PBXContainerItemProxy;
			containerPortal = 5FE64C4E195641F69D299B0C /* Project object */;
			proxyType = 1;
			remoteGlobalIDString = 1B848E81226E40E4910C64AA;
			remoteInfo = ZERO_CHECK;
		};
		836B0FF0275A4C4086DB65AF /* PBXContainerItemProxy */ = {
			isa = PBXContainerItemProxy;
			containerPortal = 5FE64C4E195641F69D299B0C /* Project object */;
			proxyType = 1;
			remoteGlobalIDString = 1B848E81226E40E4910C64AA;
			remoteInfo = ZERO_CHECK;
		};
		90E75C27E9A0425E92337735 /* PBXContainerItemProxy */ = {
			isa = PBXContainerItemProxy;
			containerPortal = 5FE64C4E195641F69D299B0C /* Project object */;
			proxyType = 1;
			remoteGlobalIDString = C15646D505AB45BAADB2662F;
			remoteInfo = ALL_BUILD;
		};
		99B93EA817AC48D383E5ECBE /* PBXContainerItemProxy */ = {
			isa = PBXContainerItemProxy;
			containerPortal = 5FE64C4E195641F69D299B0C /* Project object */;
			proxyType = 1;
			remoteGlobalIDString = 3836690DFC484D5EB8D6B035;
			remoteInfo = ROOTCuts;
		};
/* End PBXContainerItemProxy section */

/* Begin PBXFileReference section */
		09FB16D22884441CAEB72AD7 /* /Users/alex/Documents/ROOTCuts/include/BiasedDeltaPhi.hh */ = {isa = PBXFileReference; explicitFileType = sourcecode.cpp.h; fileEncoding = 4; name = BiasedDeltaPhi.hh; path = include/BiasedDeltaPhi.hh; sourceTree = SOURCE_ROOT; };
		0E50CCF9632745D188229F5E /* /Users/alex/Documents/ROOTCuts/ROOTcuts.cc */ = {isa = PBXFileReference; explicitFileType = sourcecode.cpp.cpp; fileEncoding = 4; name = ROOTcuts.cc; path = ROOTcuts.cc; sourceTree = SOURCE_ROOT; };
		4A9D2EB75F294427A9A764DF /* /Users/alex/Documents/ROOTCuts/src/TerminalPlot.cc */ = {isa = PBXFileReference; explicitFileType = sourcecode.cpp.cpp; fileEncoding = 4; name = TerminalPlot.cc; path = src/TerminalPlot.cc; sourceTree = SOURCE_ROOT; };
		6190289B199D4329A9B0AB3E /* /Users/alex/Documents/ROOTCuts/src/BiasedDeltaPhi.cc */ = {isa = PBXFileReference; explicitFileType = sourcecode.cpp.cpp; fileEncoding = 4; name = BiasedDeltaPhi.cc; path = src/BiasedDeltaPhi.cc; sourceTree = SOURCE_ROOT; };
		63BE159593D546ABA59F9C15 /* /Users/alex/Documents/ROOTCuts/src/CutsFunction.cc */ = {isa = PBXFileReference; explicitFileType = sourcecode.cpp.cpp; fileEncoding = 4; name = CutsFunction.cc; path = src/CutsFunction.cc; sourceTree = SOURCE_ROOT; };
		6B42A0CCC2AE46AF9CD4B807 /* /Users/alex/Documents/ROOTCuts/include/Ulrich_cuts.hh */ = {isa = PBXFileReference; explicitFileType = sourcecode.cpp.h; fileEncoding = 4; name = Ulrich_cuts.hh; path = include/Ulrich_cuts.hh; sourceTree = SOURCE_ROOT; };
		6D9F2213EC454CAEAFAE3B6A /* /Users/alex/Documents/ROOTCuts/src/Jet2Plus1Finder.cc */ = {isa = PBXFileReference; explicitFileType = sourcecode.cpp.cpp; fileEncoding = 4; name = Jet2Plus1Finder.cc; path = src/Jet2Plus1Finder.cc; sourceTree = SOURCE_ROOT; };
		72790FBC961B46BBA0F97590 /* /Users/alex/Documents/ROOTCuts/src/CutsFunctionBkg.cc */ = {isa = PBXFileReference; explicitFileType = sourcecode.cpp.cpp; fileEncoding = 4; name = CutsFunctionBkg.cc; path = src/CutsFunctionBkg.cc; sourceTree = SOURCE_ROOT; };
		842CB24FDAB84AEFA104265F /* /Users/alex/Documents/ROOTCuts/src/JetDoubleMbbPairFinder.cc */ = {isa = PBXFileReference; explicitFileType = sourcecode.cpp.cpp; fileEncoding = 4; name = JetDoubleMbbPairFinder.cc; path = src/JetDoubleMbbPairFinder.cc; sourceTree = SOURCE_ROOT; };
		9C1C04B84E74491898165884 /* /Users/alex/Documents/ROOTCuts/src/Christmas.cc */ = {isa = PBXFileReference; explicitFileType = sourcecode.cpp.cpp; fileEncoding = 4; name = Christmas.cc; path = src/Christmas.cc; sourceTree = SOURCE_ROOT; };
		A74BC12A5AB54F17A5F2CBAA /* /Users/alex/Documents/ROOTCuts/src/Plotting.cc */ = {isa = PBXFileReference; explicitFileType = sourcecode.cpp.cpp; fileEncoding = 4; name = Plotting.cc; path = src/Plotting.cc; sourceTree = SOURCE_ROOT; };
		AD1856463D6F4F82BE899C03 /* /Users/alex/Documents/ROOTCuts/CMakeLists.txt */ = {isa = PBXFileReference; explicitFileType = sourcecode.text; fileEncoding = 4; name = CMakeLists.txt; path = CMakeLists.txt; sourceTree = SOURCE_ROOT; };
		C730F7AA0A2441A995B87172 /* /Users/alex/Documents/ROOTCuts/src/JetPairFinder.cc */ = {isa = PBXFileReference; explicitFileType = sourcecode.cpp.cpp; fileEncoding = 4; name = JetPairFinder.cc; path = src/JetPairFinder.cc; sourceTree = SOURCE_ROOT; };
		CABD7E0FA75E49099CFBAE2B /* /Users/alex/Documents/ROOTCuts/include/TerminalPlot.hh */ = {isa = PBXFileReference; explicitFileType = sourcecode.cpp.h; fileEncoding = 4; name = TerminalPlot.hh; path = include/TerminalPlot.hh; sourceTree = SOURCE_ROOT; };
		D6DA090D220147339B87D47A /* /Users/alex/Documents/ROOTCuts/src/JetDoublePairFinder.cc */ = {isa = PBXFileReference; explicitFileType = sourcecode.cpp.cpp; fileEncoding = 4; name = JetDoublePairFinder.cc; path = src/JetDoublePairFinder.cc; sourceTree = SOURCE_ROOT; };
		D7DDE91D012C4BC18E18D000 /* /Users/alex/Documents/ROOTCuts/src/Jet2Plus1MbbFinder.cc */ = {isa = PBXFileReference; explicitFileType = sourcecode.cpp.cpp; fileEncoding = 4; name = Jet2Plus1MbbFinder.cc; path = src/Jet2Plus1MbbFinder.cc; sourceTree = SOURCE_ROOT; };
		D9952736915F4D70BDA0BCCB /* /Users/alex/Documents/ROOTCuts/CMakeLists.txt */ = {isa = PBXFileReference; explicitFileType = sourcecode.text; fileEncoding = 4; name = CMakeLists.txt; path = CMakeLists.txt; sourceTree = SOURCE_ROOT; };
		DC239153A4C143DBBE477670 /* ROOTCuts */ = {isa = PBXFileReference; explicitFileType = "compiled.mach-o.executable"; path = ROOTCuts; sourceTree = BUILT_PRODUCTS_DIR; };
		F06D46D256A845EB9952174F /* /Users/alex/Documents/ROOTCuts/CMakeLists.txt */ = {isa = PBXFileReference; explicitFileType = sourcecode.text; fileEncoding = 4; name = CMakeLists.txt; path = CMakeLists.txt; sourceTree = SOURCE_ROOT; };
/* End PBXFileReference section */

/* Begin PBXGroup section */
		054DCE0400364E6B89114849 /* Source Files */ = {
			isa = PBXGroup;
			children = (
				0E50CCF9632745D188229F5E /* /Users/alex/Documents/ROOTCuts/ROOTcuts.cc */,
				6190289B199D4329A9B0AB3E /* /Users/alex/Documents/ROOTCuts/src/BiasedDeltaPhi.cc */,
				9C1C04B84E74491898165884 /* /Users/alex/Documents/ROOTCuts/src/Christmas.cc */,
				63BE159593D546ABA59F9C15 /* /Users/alex/Documents/ROOTCuts/src/CutsFunction.cc */,
				72790FBC961B46BBA0F97590 /* /Users/alex/Documents/ROOTCuts/src/CutsFunctionBkg.cc */,
				6D9F2213EC454CAEAFAE3B6A /* /Users/alex/Documents/ROOTCuts/src/Jet2Plus1Finder.cc */,
				D7DDE91D012C4BC18E18D000 /* /Users/alex/Documents/ROOTCuts/src/Jet2Plus1MbbFinder.cc */,
				842CB24FDAB84AEFA104265F /* /Users/alex/Documents/ROOTCuts/src/JetDoubleMbbPairFinder.cc */,
				D6DA090D220147339B87D47A /* /Users/alex/Documents/ROOTCuts/src/JetDoublePairFinder.cc */,
				C730F7AA0A2441A995B87172 /* /Users/alex/Documents/ROOTCuts/src/JetPairFinder.cc */,
				A74BC12A5AB54F17A5F2CBAA /* /Users/alex/Documents/ROOTCuts/src/Plotting.cc */,
				4A9D2EB75F294427A9A764DF /* /Users/alex/Documents/ROOTCuts/src/TerminalPlot.cc */,
			);
			name = "Source Files";
			sourceTree = "<group>";
		};
		10E568E1F9C74DDEB3294920 /* Products */ = {
			isa = PBXGroup;
			children = (
				DC239153A4C143DBBE477670 /* ROOTCuts */,
			);
			name = Products;
			sourceTree = "<group>";
		};
		1C80BDDA641C4C5F988AB587 /* CMake Rules */ = {
			isa = PBXGroup;
			children = (
			);
			name = "CMake Rules";
			sourceTree = "<group>";
		};
		35CD37456BF64559A3038065 /* ZERO_CHECK */ = {
			isa = PBXGroup;
			children = (
				F947F6D1CD1A4B16A56D9578 /* CMake Rules */,
				AD1856463D6F4F82BE899C03 /* /Users/alex/Documents/ROOTCuts/CMakeLists.txt */,
			);
			name = ZERO_CHECK;
			sourceTree = "<group>";
		};
		4CD8E6DB63D14089A52CCA3B /* Sources */ = {
			isa = PBXGroup;
			children = (
				C38ACA780C16461B909433A4 /* ROOTCuts */,
				A67BB769765F426DB31CA344 /* ALL_BUILD */,
				35CD37456BF64559A3038065 /* ZERO_CHECK */,
			);
			name = Sources;
			sourceTree = "<group>";
		};
		5BC60E457B2D4D26A5C6E56D /* Resources */ = {
			isa = PBXGroup;
			children = (
			);
			name = Resources;
			sourceTree = "<group>";
		};
		9B371263F03845A2A9245C19 = {
			isa = PBXGroup;
			children = (
				4CD8E6DB63D14089A52CCA3B /* Sources */,
				5BC60E457B2D4D26A5C6E56D /* Resources */,
				10E568E1F9C74DDEB3294920 /* Products */,
			);
			sourceTree = "<group>";
		};
		9B7B7A0BF1134F3D885CD8C4 /* Header Files */ = {
			isa = PBXGroup;
			children = (
				09FB16D22884441CAEB72AD7 /* /Users/alex/Documents/ROOTCuts/include/BiasedDeltaPhi.hh */,
				CABD7E0FA75E49099CFBAE2B /* /Users/alex/Documents/ROOTCuts/include/TerminalPlot.hh */,
				6B42A0CCC2AE46AF9CD4B807 /* /Users/alex/Documents/ROOTCuts/include/Ulrich_cuts.hh */,
			);
			name = "Header Files";
			sourceTree = "<group>";
		};
		A67BB769765F426DB31CA344 /* ALL_BUILD */ = {
			isa = PBXGroup;
			children = (
				1C80BDDA641C4C5F988AB587 /* CMake Rules */,
				F06D46D256A845EB9952174F /* /Users/alex/Documents/ROOTCuts/CMakeLists.txt */,
			);
			name = ALL_BUILD;
			sourceTree = "<group>";
		};
		C38ACA780C16461B909433A4 /* ROOTCuts */ = {
			isa = PBXGroup;
			children = (
				054DCE0400364E6B89114849 /* Source Files */,
				9B7B7A0BF1134F3D885CD8C4 /* Header Files */,
				D9952736915F4D70BDA0BCCB /* /Users/alex/Documents/ROOTCuts/CMakeLists.txt */,
			);
			name = ROOTCuts;
			sourceTree = "<group>";
		};
		F947F6D1CD1A4B16A56D9578 /* CMake Rules */ = {
			isa = PBXGroup;
			children = (
			);
			name = "CMake Rules";
			sourceTree = "<group>";
		};
/* End PBXGroup section */

/* Begin PBXNativeTarget section */
		3836690DFC484D5EB8D6B035 /* ROOTCuts */ = {
			isa = PBXNativeTarget;
			buildConfigurationList = FC3DFA43D1F9498F9D98888D /* Build configuration list for PBXNativeTarget "ROOTCuts" */;
			buildPhases = (
				22973D9DA1D241FF9857A78B /* Sources */,
			);
			buildRules = (
			);
			dependencies = (
				3E3F3749EED843398322860E /* PBXTargetDependency */,
			);
			name = ROOTCuts;
			productName = ROOTCuts;
			productReference = DC239153A4C143DBBE477670 /* ROOTCuts */;
			productType = "com.apple.product-type.tool";
		};
/* End PBXNativeTarget section */

/* Begin PBXProject section */
		5FE64C4E195641F69D299B0C /* Project object */ = {
			isa = PBXProject;
			attributes = {
				BuildIndependentTargetsInParallel = YES;
				LastUpgradeCheck = 0820;
			};
			buildConfigurationList = ECE648D5AB2A491AB8B96247 /* Build configuration list for PBXProject "ROOTCuts" */;
			buildSettings = {
			};
			buildStyles = (
				F3A97C4A5BCE41AF918F5808 /* Debug */,
				A761D50914C14AB08FCDD9A9 /* Release */,
				916ECAD1DD7641BBA98A6C84 /* MinSizeRel */,
				8A6B53863FF44292BD5B37D0 /* RelWithDebInfo */,
			);
			compatibilityVersion = "Xcode 3.2";
			hasScannedForEncodings = 0;
			mainGroup = 9B371263F03845A2A9245C19;
			projectDirPath = ../;
			projectRoot = "";
			targets = (
				C15646D505AB45BAADB2662F /* ALL_BUILD */,
				3836690DFC484D5EB8D6B035 /* ROOTCuts */,
				1B848E81226E40E4910C64AA /* ZERO_CHECK */,
				01DCF8E374E1452DA3BC5555 /* install */,
			);
		};
/* End PBXProject section */

/* Begin PBXShellScriptBuildPhase section */
		07755E64759C43829FEE6C83 = {
			isa = PBXShellScriptBuildPhase;
			buildActionMask = 2147483647;
			files = (
			);
			inputPaths = (
			);
			outputPaths = (
			);
			runOnlyForDeploymentPostprocessing = 0;
			shellPath = /bin/sh;
			shellScript = "# shell script goes here
exit 0";
			showEnvVarsInLog = 0;
		};
		1830DB08739049EFBA38D469 /* CMake Rules */ = {
			isa = PBXShellScriptBuildPhase;
			buildActionMask = 2147483647;
			files = (
			);
			name = "CMake Rules";
			runOnlyForDeploymentPostprocessing = 0;
			shellPath = /bin/sh;
			shellScript = "make -C /Users/alex/Documents/ROOTCuts/xcode -f /Users/alex/Documents/ROOTCuts/xcode/CMakeScripts/ALL_BUILD_cmakeRulesBuildPhase.make$CONFIGURATION all";
			showEnvVarsInLog = 0;
		};
		8C1C4192C20C4EFEA6A811E6 /* CMake Rules */ = {
			isa = PBXShellScriptBuildPhase;
			buildActionMask = 2147483647;
			files = (
			);
			name = "CMake Rules";
			runOnlyForDeploymentPostprocessing = 0;
			shellPath = /bin/sh;
			shellScript = "make -C /Users/alex/Documents/ROOTCuts/xcode -f /Users/alex/Documents/ROOTCuts/xcode/CMakeScripts/ZERO_CHECK_cmakeRulesBuildPhase.make$CONFIGURATION all";
			showEnvVarsInLog = 0;
		};
		BC0E9EA252AC4B0CB711FA58 /* CMake PostBuild Rules */ = {
			isa = PBXShellScriptBuildPhase;
			buildActionMask = 2147483647;
			files = (
			);
			name = "CMake PostBuild Rules";
			runOnlyForDeploymentPostprocessing = 0;
			shellPath = /bin/sh;
			shellScript = "make -C /Users/alex/Documents/ROOTCuts/xcode -f /Users/alex/Documents/ROOTCuts/xcode/CMakeScripts/install_postBuildPhase.make$CONFIGURATION all";
			showEnvVarsInLog = 0;
		};
		D2005109718B45EBB56F54D6 = {
			isa = PBXShellScriptBuildPhase;
			buildActionMask = 2147483647;
			files = (
			);
			inputPaths = (
			);
			outputPaths = (
			);
			runOnlyForDeploymentPostprocessing = 0;
			shellPath = /bin/sh;
			shellScript = "# shell script goes here
exit 0";
			showEnvVarsInLog = 0;
		};
		FE71825949F4432AAEACC54E = {
			isa = PBXShellScriptBuildPhase;
			buildActionMask = 2147483647;
			files = (
			);
			inputPaths = (
			);
			outputPaths = (
			);
			runOnlyForDeploymentPostprocessing = 0;
			shellPath = /bin/sh;
			shellScript = "# shell script goes here
exit 0";
			showEnvVarsInLog = 0;
		};
/* End PBXShellScriptBuildPhase section */

/* Begin PBXSourcesBuildPhase section */
		22973D9DA1D241FF9857A78B /* Sources */ = {
			isa = PBXSourcesBuildPhase;
			buildActionMask = 2147483647;
			files = (
				52CF7A6E7D0441BC9A1D9DB9 /* /Users/alex/Documents/ROOTCuts/ROOTcuts.cc */,
				B90591D8EEFB4F63B2F89C82 /* /Users/alex/Documents/ROOTCuts/src/BiasedDeltaPhi.cc */,
				571DC36D9F72481CA07C9E90 /* /Users/alex/Documents/ROOTCuts/src/Christmas.cc */,
				1AD6301BC16240F3B5795DEF /* /Users/alex/Documents/ROOTCuts/src/CutsFunction.cc */,
				33510155434E44E7924D6A4A /* /Users/alex/Documents/ROOTCuts/src/CutsFunctionBkg.cc */,
				A27CB9D46AF8416692E9496A /* /Users/alex/Documents/ROOTCuts/src/Jet2Plus1Finder.cc */,
				33C848FE5F444AED8D50A02A /* /Users/alex/Documents/ROOTCuts/src/Jet2Plus1MbbFinder.cc */,
				5D35CF82D15B40ECA41F405D /* /Users/alex/Documents/ROOTCuts/src/JetDoubleMbbPairFinder.cc */,
				9D4DE4882DF849939C479D88 /* /Users/alex/Documents/ROOTCuts/src/JetDoublePairFinder.cc */,
				0E71D81271DF4EF1A2E63349 /* /Users/alex/Documents/ROOTCuts/src/JetPairFinder.cc */,
				051C5B9392FB480CAEAE96C1 /* /Users/alex/Documents/ROOTCuts/src/Plotting.cc */,
				FF8172DCACCF4CFA89B8B57C /* /Users/alex/Documents/ROOTCuts/src/TerminalPlot.cc */,
			);
			runOnlyForDeploymentPostprocessing = 0;
		};
/* End PBXSourcesBuildPhase section */

/* Begin PBXTargetDependency section */
		15E7190C00244F729AC8804D /* PBXTargetDependency */ = {
			isa = PBXTargetDependency;
			target = 1B848E81226E40E4910C64AA /* ZERO_CHECK */;
			targetProxy = 836B0FF0275A4C4086DB65AF /* PBXContainerItemProxy */;
		};
		225011A8CF5D4A1884F8585C /* PBXTargetDependency */ = {
			isa = PBXTargetDependency;
			target = 3836690DFC484D5EB8D6B035 /* ROOTCuts */;
			targetProxy = 99B93EA817AC48D383E5ECBE /* PBXContainerItemProxy */;
		};
		3E3F3749EED843398322860E /* PBXTargetDependency */ = {
			isa = PBXTargetDependency;
			target = 1B848E81226E40E4910C64AA /* ZERO_CHECK */;
			targetProxy = 303602E4EE134F719CA3F8CC /* PBXContainerItemProxy */;
		};
		C4545E0B1B0848569875FA10 /* PBXTargetDependency */ = {
			isa = PBXTargetDependency;
			target = C15646D505AB45BAADB2662F /* ALL_BUILD */;
			targetProxy = 90E75C27E9A0425E92337735 /* PBXContainerItemProxy */;
		};
/* End PBXTargetDependency section */

/* Begin XCBuildConfiguration section */
		04867C44000F41DCB456AE9F /* Debug */ = {
			isa = XCBuildConfiguration;
			buildSettings = {
				COMBINE_HIDPI_IMAGES = YES;
				GCC_GENERATE_DEBUGGING_SYMBOLS = YES;
				GCC_INLINES_ARE_PRIVATE_EXTERN = NO;
				GCC_OPTIMIZATION_LEVEL = 0;
				GCC_PREPROCESSOR_DEFINITIONS = ("'CMAKE_INTDIR=\"$(CONFIGURATION)$(EFFECTIVE_PLATFORM_NAME)\"'");
				GCC_SYMBOLS_PRIVATE_EXTERN = NO;
				HEADER_SEARCH_PATHS = (/Users/alex/root_build/include,/Users/alex/Documents/ROOTCuts,/Users/alex/delphes/external,/Users/alex/delphes);
				INSTALL_PATH = "";
				OTHER_LDFLAGS = " ";
				OTHER_REZFLAGS = "";
				PRODUCT_NAME = install;
				SECTORDER_FLAGS = "";
				SYMROOT = /Users/alex/Documents/ROOTCuts/xcode;
				USE_HEADERMAP = NO;
				WARNING_CFLAGS = ("-Wmost","-Wno-four-char-constants","-Wno-unknown-pragmas","$(inherited)");
			};
			name = Debug;
		};
		2AB86C52A8C24EDDA03B7453 /* Release */ = {
			isa = XCBuildConfiguration;
			buildSettings = {
				COMBINE_HIDPI_IMAGES = YES;
				GCC_GENERATE_DEBUGGING_SYMBOLS = YES;
				GCC_INLINES_ARE_PRIVATE_EXTERN = NO;
				GCC_OPTIMIZATION_LEVEL = 0;
				GCC_PREPROCESSOR_DEFINITIONS = ("'CMAKE_INTDIR=\"$(CONFIGURATION)$(EFFECTIVE_PLATFORM_NAME)\"'");
				GCC_SYMBOLS_PRIVATE_EXTERN = NO;
				HEADER_SEARCH_PATHS = (/Users/alex/root_build/include,/Users/alex/Documents/ROOTCuts,/Users/alex/delphes/external,/Users/alex/delphes);
				INSTALL_PATH = "";
				OTHER_LDFLAGS = " ";
				OTHER_REZFLAGS = "";
				PRODUCT_NAME = install;
				SECTORDER_FLAGS = "";
				SYMROOT = /Users/alex/Documents/ROOTCuts/xcode;
				USE_HEADERMAP = NO;
				WARNING_CFLAGS = ("-Wmost","-Wno-four-char-constants","-Wno-unknown-pragmas","$(inherited)");
			};
			name = Release;
		};
		35E09E1EDB734B1D849D7136 /* MinSizeRel */ = {
			isa = XCBuildConfiguration;
			buildSettings = {
				COMBINE_HIDPI_IMAGES = YES;
				GCC_GENERATE_DEBUGGING_SYMBOLS = YES;
				GCC_INLINES_ARE_PRIVATE_EXTERN = NO;
				GCC_OPTIMIZATION_LEVEL = 0;
				GCC_PREPROCESSOR_DEFINITIONS = ("'CMAKE_INTDIR=\"$(CONFIGURATION)$(EFFECTIVE_PLATFORM_NAME)\"'");
				GCC_SYMBOLS_PRIVATE_EXTERN = NO;
				HEADER_SEARCH_PATHS = (/Users/alex/root_build/include,/Users/alex/Documents/ROOTCuts,/Users/alex/delphes/external,/Users/alex/delphes);
				INSTALL_PATH = "";
				OTHER_LDFLAGS = " ";
				OTHER_REZFLAGS = "";
				PRODUCT_NAME = install;
				SECTORDER_FLAGS = "";
				SYMROOT = /Users/alex/Documents/ROOTCuts/xcode;
				USE_HEADERMAP = NO;
				WARNING_CFLAGS = ("-Wmost","-Wno-four-char-constants","-Wno-unknown-pragmas","$(inherited)");
			};
			name = MinSizeRel;
		};
		381F71BFFD7D4DF7AF8B443B /* MinSizeRel */ = {
			isa = XCBuildConfiguration;
			buildSettings = {
				COMBINE_HIDPI_IMAGES = YES;
				GCC_GENERATE_DEBUGGING_SYMBOLS = YES;
				GCC_INLINES_ARE_PRIVATE_EXTERN = NO;
				GCC_OPTIMIZATION_LEVEL = 0;
				GCC_PREPROCESSOR_DEFINITIONS = ("'CMAKE_INTDIR=\"$(CONFIGURATION)$(EFFECTIVE_PLATFORM_NAME)\"'");
				GCC_SYMBOLS_PRIVATE_EXTERN = NO;
				HEADER_SEARCH_PATHS = (/Users/alex/root_build/include,/Users/alex/Documents/ROOTCuts,/Users/alex/delphes/external,/Users/alex/delphes);
				INSTALL_PATH = "";
				OTHER_LDFLAGS = " ";
				OTHER_REZFLAGS = "";
				PRODUCT_NAME = ALL_BUILD;
				SECTORDER_FLAGS = "";
				SYMROOT = /Users/alex/Documents/ROOTCuts/xcode;
				USE_HEADERMAP = NO;
				WARNING_CFLAGS = ("-Wmost","-Wno-four-char-constants","-Wno-unknown-pragmas","$(inherited)");
			};
			name = MinSizeRel;
		};
		4CCCA333CCC54B5DA4B37F3C /* RelWithDebInfo */ = {
			isa = XCBuildConfiguration;
			buildSettings = {
				COMBINE_HIDPI_IMAGES = YES;
				GCC_GENERATE_DEBUGGING_SYMBOLS = YES;
				GCC_INLINES_ARE_PRIVATE_EXTERN = NO;
				GCC_OPTIMIZATION_LEVEL = 0;
				GCC_PREPROCESSOR_DEFINITIONS = ("'CMAKE_INTDIR=\"$(CONFIGURATION)$(EFFECTIVE_PLATFORM_NAME)\"'");
				GCC_SYMBOLS_PRIVATE_EXTERN = NO;
				HEADER_SEARCH_PATHS = (/Users/alex/root_build/include,/Users/alex/Documents/ROOTCuts,/Users/alex/delphes/external,/Users/alex/delphes);
				INSTALL_PATH = "";
				OTHER_LDFLAGS = " ";
				OTHER_REZFLAGS = "";
				PRODUCT_NAME = install;
				SECTORDER_FLAGS = "";
				SYMROOT = /Users/alex/Documents/ROOTCuts/xcode;
				USE_HEADERMAP = NO;
				WARNING_CFLAGS = ("-Wmost","-Wno-four-char-constants","-Wno-unknown-pragmas","$(inherited)");
			};
			name = RelWithDebInfo;
		};
		518CF4A9E1604BF0A764B6C1 /* Release */ = {
			isa = XCBuildConfiguration;
			buildSettings = {
				COMBINE_HIDPI_IMAGES = YES;
				GCC_GENERATE_DEBUGGING_SYMBOLS = YES;
				GCC_INLINES_ARE_PRIVATE_EXTERN = NO;
				GCC_OPTIMIZATION_LEVEL = 0;
				GCC_PREPROCESSOR_DEFINITIONS = ("'CMAKE_INTDIR=\"$(CONFIGURATION)$(EFFECTIVE_PLATFORM_NAME)\"'");
				GCC_SYMBOLS_PRIVATE_EXTERN = NO;
				HEADER_SEARCH_PATHS = (/Users/alex/root_build/include,/Users/alex/Documents/ROOTCuts,/Users/alex/delphes/external,/Users/alex/delphes);
				INSTALL_PATH = "";
				OTHER_LDFLAGS = " ";
				OTHER_REZFLAGS = "";
				PRODUCT_NAME = ALL_BUILD;
				SECTORDER_FLAGS = "";
				SYMROOT = /Users/alex/Documents/ROOTCuts/xcode;
				USE_HEADERMAP = NO;
				WARNING_CFLAGS = ("-Wmost","-Wno-four-char-constants","-Wno-unknown-pragmas","$(inherited)");
			};
			name = Release;
		};
		5836FA1D70EB47B79361FF03 /* Debug */ = {
			isa = XCBuildConfiguration;
			buildSettings = {
				COMBINE_HIDPI_IMAGES = YES;
				GCC_GENERATE_DEBUGGING_SYMBOLS = YES;
				GCC_INLINES_ARE_PRIVATE_EXTERN = NO;
				GCC_OPTIMIZATION_LEVEL = 0;
				GCC_PREPROCESSOR_DEFINITIONS = ("'CMAKE_INTDIR=\"$(CONFIGURATION)$(EFFECTIVE_PLATFORM_NAME)\"'");
				GCC_SYMBOLS_PRIVATE_EXTERN = NO;
				HEADER_SEARCH_PATHS = (/Users/alex/root_build/include,/Users/alex/Documents/ROOTCuts,/Users/alex/delphes/external,/Users/alex/delphes);
				INSTALL_PATH = "";
				OTHER_LDFLAGS = " ";
				OTHER_REZFLAGS = "";
				PRODUCT_NAME = ALL_BUILD;
				SECTORDER_FLAGS = "";
				SYMROOT = /Users/alex/Documents/ROOTCuts/xcode;
				USE_HEADERMAP = NO;
				WARNING_CFLAGS = ("-Wmost","-Wno-four-char-constants","-Wno-unknown-pragmas","$(inherited)");
			};
			name = Debug;
		};
		5E49D538A6C046A8A8B16E3A /* MinSizeRel */ = {
			isa = XCBuildConfiguration;
			buildSettings = {
				COMBINE_HIDPI_IMAGES = YES;
				EXECUTABLE_PREFIX = "";
				EXECUTABLE_SUFFIX = "";
				GCC_GENERATE_DEBUGGING_SYMBOLS = NO;
				GCC_INLINES_ARE_PRIVATE_EXTERN = NO;
				GCC_OPTIMIZATION_LEVEL = s;
				GCC_PREPROCESSOR_DEFINITIONS = ("'CMAKE_INTDIR=\"$(CONFIGURATION)$(EFFECTIVE_PLATFORM_NAME)\"'");
				GCC_SYMBOLS_PRIVATE_EXTERN = NO;
				HEADER_SEARCH_PATHS = (/Users/alex/root_build/include,/Users/alex/Documents/ROOTCuts,/Users/alex/delphes/external,/Users/alex/delphes);
				INSTALL_PATH = "";
				LD_RUNPATH_SEARCH_PATHS = "/Users/alex/root_build/lib /Users/alex/delphes";
				LIBRARY_SEARCH_PATHS = " /Users/alex/root_build/lib/$(CONFIGURATION)$(EFFECTIVE_PLATFORM_NAME) /Users/alex/root_build/lib /Users/alex/delphes/$(CONFIGURATION)$(EFFECTIVE_PLATFORM_NAME) /Users/alex/delphes";
				OTHER_CPLUSPLUSFLAGS = " -pthread -std=c++11 -m64     -DNDEBUG   -pthread -std=c++11 -m64 -std=c++11";
				OTHER_LDFLAGS = " -Wl,-search_paths_first -Wl,-headerpad_max_install_names  -lDelphes /Users/alex/root_build/lib/libCore.so /Users/alex/root_build/lib/libRIO.so /Users/alex/root_build/lib/libNet.so /Users/alex/root_build/lib/libHist.so /Users/alex/root_build/lib/libGraf.so /Users/alex/root_build/lib/libGraf3d.so /Users/alex/root_build/lib/libGpad.so /Users/alex/root_build/lib/libTree.so /Users/alex/root_build/lib/libRint.so /Users/alex/root_build/lib/libPostscript.so /Users/alex/root_build/lib/libMatrix.so /Users/alex/root_build/lib/libPhysics.so /Users/alex/root_build/lib/libMathCore.so /Users/alex/root_build/lib/libThread.so /Users/alex/root_build/lib/libMultiProc.so";
				OTHER_REZFLAGS = "";
				PRODUCT_NAME = ROOTCuts;
				SECTORDER_FLAGS = "";
				SYMROOT = /Users/alex/Documents/ROOTCuts/xcode;
				USE_HEADERMAP = NO;
				WARNING_CFLAGS = ("-Wmost","-Wno-four-char-constants","-Wno-unknown-pragmas","$(inherited)");
			};
			name = MinSizeRel;
		};
		6A705A4EB8DC430483F351B9 /* MinSizeRel */ = {
			isa = XCBuildConfiguration;
			buildSettings = {
				ONLY_ACTIVE_ARCH = YES;
				SDKROOT = /Applications/Xcode.app/Contents/Developer/Platforms/MacOSX.platform/Developer/SDKs/MacOSX10.12.sdk;
				SYMROOT = /Users/alex/Documents/ROOTCuts/xcode/build;
			};
			name = MinSizeRel;
		};
		7A68D83BC2ED4520AFB5D331 /* Debug */ = {
			isa = XCBuildConfiguration;
			buildSettings = {
				COMBINE_HIDPI_IMAGES = YES;
				EXECUTABLE_PREFIX = "";
				EXECUTABLE_SUFFIX = "";
				GCC_GENERATE_DEBUGGING_SYMBOLS = YES;
				GCC_INLINES_ARE_PRIVATE_EXTERN = NO;
				GCC_OPTIMIZATION_LEVEL = 0;
				GCC_PREPROCESSOR_DEFINITIONS = ("'CMAKE_INTDIR=\"$(CONFIGURATION)$(EFFECTIVE_PLATFORM_NAME)\"'");
				GCC_SYMBOLS_PRIVATE_EXTERN = NO;
				HEADER_SEARCH_PATHS = (/Users/alex/root_build/include,/Users/alex/Documents/ROOTCuts,/Users/alex/delphes/external,/Users/alex/delphes);
				INSTALL_PATH = "";
				LD_RUNPATH_SEARCH_PATHS = "/Users/alex/root_build/lib /Users/alex/delphes";
				LIBRARY_SEARCH_PATHS = " /Users/alex/root_build/lib/$(CONFIGURATION)$(EFFECTIVE_PLATFORM_NAME) /Users/alex/root_build/lib /Users/alex/delphes/$(CONFIGURATION)$(EFFECTIVE_PLATFORM_NAME) /Users/alex/delphes";
				OTHER_CPLUSPLUSFLAGS = " -pthread -std=c++11 -m64      -pthread -std=c++11 -m64 -std=c++11";
				OTHER_LDFLAGS = " -Wl,-search_paths_first -Wl,-headerpad_max_install_names  -lDelphes /Users/alex/root_build/lib/libCore.so /Users/alex/root_build/lib/libRIO.so /Users/alex/root_build/lib/libNet.so /Users/alex/root_build/lib/libHist.so /Users/alex/root_build/lib/libGraf.so /Users/alex/root_build/lib/libGraf3d.so /Users/alex/root_build/lib/libGpad.so /Users/alex/root_build/lib/libTree.so /Users/alex/root_build/lib/libRint.so /Users/alex/root_build/lib/libPostscript.so /Users/alex/root_build/lib/libMatrix.so /Users/alex/root_build/lib/libPhysics.so /Users/alex/root_build/lib/libMathCore.so /Users/alex/root_build/lib/libThread.so /Users/alex/root_build/lib/libMultiProc.so";
				OTHER_REZFLAGS = "";
				PRODUCT_NAME = ROOTCuts;
				SECTORDER_FLAGS = "";
				SYMROOT = /Users/alex/Documents/ROOTCuts/xcode;
				USE_HEADERMAP = NO;
				WARNING_CFLAGS = ("-Wmost","-Wno-four-char-constants","-Wno-unknown-pragmas","$(inherited)");
			};
			name = Debug;
		};
		891BE8E8FD194273B3D3A219 /* Debug */ = {
			isa = XCBuildConfiguration;
			buildSettings = {
				COMBINE_HIDPI_IMAGES = YES;
				GCC_GENERATE_DEBUGGING_SYMBOLS = YES;
				GCC_INLINES_ARE_PRIVATE_EXTERN = NO;
				GCC_OPTIMIZATION_LEVEL = 0;
				GCC_PREPROCESSOR_DEFINITIONS = ("'CMAKE_INTDIR=\"$(CONFIGURATION)$(EFFECTIVE_PLATFORM_NAME)\"'");
				GCC_SYMBOLS_PRIVATE_EXTERN = NO;
				HEADER_SEARCH_PATHS = (/Users/alex/root_build/include,/Users/alex/Documents/ROOTCuts,/Users/alex/delphes/external,/Users/alex/delphes);
				INSTALL_PATH = "";
				OTHER_LDFLAGS = " ";
				OTHER_REZFLAGS = "";
				PRODUCT_NAME = ZERO_CHECK;
				SECTORDER_FLAGS = "";
				SYMROOT = /Users/alex/Documents/ROOTCuts/xcode;
				USE_HEADERMAP = NO;
				WARNING_CFLAGS = ("-Wmost","-Wno-four-char-constants","-Wno-unknown-pragmas","$(inherited)");
			};
			name = Debug;
		};
		92033BDBE06F4A1D8E542343 /* MinSizeRel */ = {
			isa = XCBuildConfiguration;
			buildSettings = {
				COMBINE_HIDPI_IMAGES = YES;
				GCC_GENERATE_DEBUGGING_SYMBOLS = YES;
				GCC_INLINES_ARE_PRIVATE_EXTERN = NO;
				GCC_OPTIMIZATION_LEVEL = 0;
				GCC_PREPROCESSOR_DEFINITIONS = ("'CMAKE_INTDIR=\"$(CONFIGURATION)$(EFFECTIVE_PLATFORM_NAME)\"'");
				GCC_SYMBOLS_PRIVATE_EXTERN = NO;
				HEADER_SEARCH_PATHS = (/Users/alex/root_build/include,/Users/alex/Documents/ROOTCuts,/Users/alex/delphes/external,/Users/alex/delphes);
				INSTALL_PATH = "";
				OTHER_LDFLAGS = " ";
				OTHER_REZFLAGS = "";
				PRODUCT_NAME = ZERO_CHECK;
				SECTORDER_FLAGS = "";
				SYMROOT = /Users/alex/Documents/ROOTCuts/xcode;
				USE_HEADERMAP = NO;
				WARNING_CFLAGS = ("-Wmost","-Wno-four-char-constants","-Wno-unknown-pragmas","$(inherited)");
			};
			name = MinSizeRel;
		};
		A6054EFAEE294A6C9BA9B798 /* RelWithDebInfo */ = {
			isa = XCBuildConfiguration;
			buildSettings = {
				COMBINE_HIDPI_IMAGES = YES;
				GCC_GENERATE_DEBUGGING_SYMBOLS = YES;
				GCC_INLINES_ARE_PRIVATE_EXTERN = NO;
				GCC_OPTIMIZATION_LEVEL = 0;
				GCC_PREPROCESSOR_DEFINITIONS = ("'CMAKE_INTDIR=\"$(CONFIGURATION)$(EFFECTIVE_PLATFORM_NAME)\"'");
				GCC_SYMBOLS_PRIVATE_EXTERN = NO;
				HEADER_SEARCH_PATHS = (/Users/alex/root_build/include,/Users/alex/Documents/ROOTCuts,/Users/alex/delphes/external,/Users/alex/delphes);
				INSTALL_PATH = "";
				OTHER_LDFLAGS = " ";
				OTHER_REZFLAGS = "";
				PRODUCT_NAME = ZERO_CHECK;
				SECTORDER_FLAGS = "";
				SYMROOT = /Users/alex/Documents/ROOTCuts/xcode;
				USE_HEADERMAP = NO;
				WARNING_CFLAGS = ("-Wmost","-Wno-four-char-constants","-Wno-unknown-pragmas","$(inherited)");
			};
			name = RelWithDebInfo;
		};
		D492D7A6A8C8436A8A4CBF4D /* RelWithDebInfo */ = {
			isa = XCBuildConfiguration;
			buildSettings = {
				COMBINE_HIDPI_IMAGES = YES;
				GCC_GENERATE_DEBUGGING_SYMBOLS = YES;
				GCC_INLINES_ARE_PRIVATE_EXTERN = NO;
				GCC_OPTIMIZATION_LEVEL = 0;
				GCC_PREPROCESSOR_DEFINITIONS = ("'CMAKE_INTDIR=\"$(CONFIGURATION)$(EFFECTIVE_PLATFORM_NAME)\"'");
				GCC_SYMBOLS_PRIVATE_EXTERN = NO;
				HEADER_SEARCH_PATHS = (/Users/alex/root_build/include,/Users/alex/Documents/ROOTCuts,/Users/alex/delphes/external,/Users/alex/delphes);
				INSTALL_PATH = "";
				OTHER_LDFLAGS = " ";
				OTHER_REZFLAGS = "";
				PRODUCT_NAME = ALL_BUILD;
				SECTORDER_FLAGS = "";
				SYMROOT = /Users/alex/Documents/ROOTCuts/xcode;
				USE_HEADERMAP = NO;
				WARNING_CFLAGS = ("-Wmost","-Wno-four-char-constants","-Wno-unknown-pragmas","$(inherited)");
			};
			name = RelWithDebInfo;
		};
		D7D3AB5E4AA94F56AD475797 /* Debug */ = {
			isa = XCBuildConfiguration;
			buildSettings = {
				ONLY_ACTIVE_ARCH = YES;
				SDKROOT = /Applications/Xcode.app/Contents/Developer/Platforms/MacOSX.platform/Developer/SDKs/MacOSX10.12.sdk;
				SYMROOT = /Users/alex/Documents/ROOTCuts/xcode/build;
			};
			name = Debug;
		};
		D8EB9096E63D455695746F1F /* Release */ = {
			isa = XCBuildConfiguration;
			buildSettings = {
				COMBINE_HIDPI_IMAGES = YES;
				GCC_GENERATE_DEBUGGING_SYMBOLS = YES;
				GCC_INLINES_ARE_PRIVATE_EXTERN = NO;
				GCC_OPTIMIZATION_LEVEL = 0;
				GCC_PREPROCESSOR_DEFINITIONS = ("'CMAKE_INTDIR=\"$(CONFIGURATION)$(EFFECTIVE_PLATFORM_NAME)\"'");
				GCC_SYMBOLS_PRIVATE_EXTERN = NO;
				HEADER_SEARCH_PATHS = (/Users/alex/root_build/include,/Users/alex/Documents/ROOTCuts,/Users/alex/delphes/external,/Users/alex/delphes);
				INSTALL_PATH = "";
				OTHER_LDFLAGS = " ";
				OTHER_REZFLAGS = "";
				PRODUCT_NAME = ZERO_CHECK;
				SECTORDER_FLAGS = "";
				SYMROOT = /Users/alex/Documents/ROOTCuts/xcode;
				USE_HEADERMAP = NO;
				WARNING_CFLAGS = ("-Wmost","-Wno-four-char-constants","-Wno-unknown-pragmas","$(inherited)");
			};
			name = Release;
		};
		DE794B0A553D4EA3B1CC6A3E /* RelWithDebInfo */ = {
			isa = XCBuildConfiguration;
			buildSettings = {
				COMBINE_HIDPI_IMAGES = YES;
				EXECUTABLE_PREFIX = "";
				EXECUTABLE_SUFFIX = "";
				GCC_GENERATE_DEBUGGING_SYMBOLS = YES;
				GCC_INLINES_ARE_PRIVATE_EXTERN = NO;
				GCC_OPTIMIZATION_LEVEL = 2;
				GCC_PREPROCESSOR_DEFINITIONS = ("'CMAKE_INTDIR=\"$(CONFIGURATION)$(EFFECTIVE_PLATFORM_NAME)\"'");
				GCC_SYMBOLS_PRIVATE_EXTERN = NO;
				HEADER_SEARCH_PATHS = (/Users/alex/root_build/include,/Users/alex/Documents/ROOTCuts,/Users/alex/delphes/external,/Users/alex/delphes);
				INSTALL_PATH = "";
				LD_RUNPATH_SEARCH_PATHS = "/Users/alex/root_build/lib /Users/alex/delphes";
				LIBRARY_SEARCH_PATHS = " /Users/alex/root_build/lib/$(CONFIGURATION)$(EFFECTIVE_PLATFORM_NAME) /Users/alex/root_build/lib /Users/alex/delphes/$(CONFIGURATION)$(EFFECTIVE_PLATFORM_NAME) /Users/alex/delphes";
				OTHER_CPLUSPLUSFLAGS = " -pthread -std=c++11 -m64        -DNDEBUG   -pthread -std=c++11 -m64 -std=c++11";
				OTHER_LDFLAGS = " -Wl,-search_paths_first -Wl,-headerpad_max_install_names  -lDelphes /Users/alex/root_build/lib/libCore.so /Users/alex/root_build/lib/libRIO.so /Users/alex/root_build/lib/libNet.so /Users/alex/root_build/lib/libHist.so /Users/alex/root_build/lib/libGraf.so /Users/alex/root_build/lib/libGraf3d.so /Users/alex/root_build/lib/libGpad.so /Users/alex/root_build/lib/libTree.so /Users/alex/root_build/lib/libRint.so /Users/alex/root_build/lib/libPostscript.so /Users/alex/root_build/lib/libMatrix.so /Users/alex/root_build/lib/libPhysics.so /Users/alex/root_build/lib/libMathCore.so /Users/alex/root_build/lib/libThread.so /Users/alex/root_build/lib/libMultiProc.so";
				OTHER_REZFLAGS = "";
				PRODUCT_NAME = ROOTCuts;
				SECTORDER_FLAGS = "";
				SYMROOT = /Users/alex/Documents/ROOTCuts/xcode;
				USE_HEADERMAP = NO;
				WARNING_CFLAGS = ("-Wmost","-Wno-four-char-constants","-Wno-unknown-pragmas","$(inherited)");
			};
			name = RelWithDebInfo;
		};
		EAE91EFC3B3B4E63B0546954 /* Release */ = {
			isa = XCBuildConfiguration;
			buildSettings = {
				COMBINE_HIDPI_IMAGES = YES;
				EXECUTABLE_PREFIX = "";
				EXECUTABLE_SUFFIX = "";
				GCC_GENERATE_DEBUGGING_SYMBOLS = NO;
				GCC_INLINES_ARE_PRIVATE_EXTERN = NO;
				GCC_OPTIMIZATION_LEVEL = 3;
				GCC_PREPROCESSOR_DEFINITIONS = ("'CMAKE_INTDIR=\"$(CONFIGURATION)$(EFFECTIVE_PLATFORM_NAME)\"'");
				GCC_SYMBOLS_PRIVATE_EXTERN = NO;
				HEADER_SEARCH_PATHS = (/Users/alex/root_build/include,/Users/alex/Documents/ROOTCuts,/Users/alex/delphes/external,/Users/alex/delphes);
				INSTALL_PATH = "";
				LD_RUNPATH_SEARCH_PATHS = "/Users/alex/root_build/lib /Users/alex/delphes";
				LIBRARY_SEARCH_PATHS = " /Users/alex/root_build/lib/$(CONFIGURATION)$(EFFECTIVE_PLATFORM_NAME) /Users/alex/root_build/lib /Users/alex/delphes/$(CONFIGURATION)$(EFFECTIVE_PLATFORM_NAME) /Users/alex/delphes";
				OTHER_CPLUSPLUSFLAGS = " -pthread -std=c++11 -m64     -DNDEBUG   -pthread -std=c++11 -m64 -std=c++11";
				OTHER_LDFLAGS = " -Wl,-search_paths_first -Wl,-headerpad_max_install_names  -lDelphes /Users/alex/root_build/lib/libCore.so /Users/alex/root_build/lib/libRIO.so /Users/alex/root_build/lib/libNet.so /Users/alex/root_build/lib/libHist.so /Users/alex/root_build/lib/libGraf.so /Users/alex/root_build/lib/libGraf3d.so /Users/alex/root_build/lib/libGpad.so /Users/alex/root_build/lib/libTree.so /Users/alex/root_build/lib/libRint.so /Users/alex/root_build/lib/libPostscript.so /Users/alex/root_build/lib/libMatrix.so /Users/alex/root_build/lib/libPhysics.so /Users/alex/root_build/lib/libMathCore.so /Users/alex/root_build/lib/libThread.so /Users/alex/root_build/lib/libMultiProc.so";
				OTHER_REZFLAGS = "";
				PRODUCT_NAME = ROOTCuts;
				SECTORDER_FLAGS = "";
				SYMROOT = /Users/alex/Documents/ROOTCuts/xcode;
				USE_HEADERMAP = NO;
				WARNING_CFLAGS = ("-Wmost","-Wno-four-char-constants","-Wno-unknown-pragmas","$(inherited)");
			};
			name = Release;
		};
		FB4C0F6B6ABD4DD8B247DC2B /* Release */ = {
			isa = XCBuildConfiguration;
			buildSettings = {
				ONLY_ACTIVE_ARCH = YES;
				SDKROOT = /Applications/Xcode.app/Contents/Developer/Platforms/MacOSX.platform/Developer/SDKs/MacOSX10.12.sdk;
				SYMROOT = /Users/alex/Documents/ROOTCuts/xcode/build;
			};
			name = Release;
		};
		FCB3B18AD03F4A4187C5DF53 /* RelWithDebInfo */ = {
			isa = XCBuildConfiguration;
			buildSettings = {
				ONLY_ACTIVE_ARCH = YES;
				SDKROOT = /Applications/Xcode.app/Contents/Developer/Platforms/MacOSX.platform/Developer/SDKs/MacOSX10.12.sdk;
				SYMROOT = /Users/alex/Documents/ROOTCuts/xcode/build;
			};
			name = RelWithDebInfo;
		};
/* End XCBuildConfiguration section */

/* Begin XCConfigurationList section */
		24FFCC5068534A048A85C026 /* Build configuration list for PBXAggregateTarget "ZERO_CHECK" */ = {
			isa = XCConfigurationList;
			buildConfigurations = (
				891BE8E8FD194273B3D3A219 /* Debug */,
				D8EB9096E63D455695746F1F /* Release */,
				92033BDBE06F4A1D8E542343 /* MinSizeRel */,
				A6054EFAEE294A6C9BA9B798 /* RelWithDebInfo */,
			);
			defaultConfigurationIsVisible = 0;
			defaultConfigurationName = Debug;
		};
		6BF936EB2315413EAF84203C /* Build configuration list for PBXAggregateTarget "ALL_BUILD" */ = {
			isa = XCConfigurationList;
			buildConfigurations = (
				5836FA1D70EB47B79361FF03 /* Debug */,
				518CF4A9E1604BF0A764B6C1 /* Release */,
				381F71BFFD7D4DF7AF8B443B /* MinSizeRel */,
				D492D7A6A8C8436A8A4CBF4D /* RelWithDebInfo */,
			);
			defaultConfigurationIsVisible = 0;
			defaultConfigurationName = Debug;
		};
		AE56B6A2E0ED4A5F925B91C7 /* Build configuration list for PBXAggregateTarget "install" */ = {
			isa = XCConfigurationList;
			buildConfigurations = (
				04867C44000F41DCB456AE9F /* Debug */,
				2AB86C52A8C24EDDA03B7453 /* Release */,
				35E09E1EDB734B1D849D7136 /* MinSizeRel */,
				4CCCA333CCC54B5DA4B37F3C /* RelWithDebInfo */,
			);
			defaultConfigurationIsVisible = 0;
			defaultConfigurationName = Debug;
		};
		ECE648D5AB2A491AB8B96247 /* Build configuration list for PBXProject "ROOTCuts" */ = {
			isa = XCConfigurationList;
			buildConfigurations = (
				D7D3AB5E4AA94F56AD475797 /* Debug */,
				FB4C0F6B6ABD4DD8B247DC2B /* Release */,
				6A705A4EB8DC430483F351B9 /* MinSizeRel */,
				FCB3B18AD03F4A4187C5DF53 /* RelWithDebInfo */,
			);
			defaultConfigurationIsVisible = 0;
			defaultConfigurationName = Debug;
		};
		FC3DFA43D1F9498F9D98888D /* Build configuration list for PBXNativeTarget "ROOTCuts" */ = {
			isa = XCConfigurationList;
			buildConfigurations = (
				7A68D83BC2ED4520AFB5D331 /* Debug */,
				EAE91EFC3B3B4E63B0546954 /* Release */,
				5E49D538A6C046A8A8B16E3A /* MinSizeRel */,
				DE794B0A553D4EA3B1CC6A3E /* RelWithDebInfo */,
			);
			defaultConfigurationIsVisible = 0;
			defaultConfigurationName = Debug;
		};
/* End XCConfigurationList section */
	};
	rootObject = 5FE64C4E195641F69D299B0C /* Project object */;
}
